// !$*UTF8*$!
{
	archiveVersion = 1;
	classes = {
	};
	objectVersion = 56;
	objects = {

/* Begin PBXBuildFile section */
		0405BCD22BAA107600BCEEEA /* ResearchRouteApp.swift in Sources */ = {isa = PBXBuildFile; fileRef = 0405BCD12BAA107600BCEEEA /* ResearchRouteApp.swift */; };
		0405BCD62BAA107A00BCEEEA /* Assets.xcassets in Resources */ = {isa = PBXBuildFile; fileRef = 0405BCD52BAA107A00BCEEEA /* Assets.xcassets */; };
		0405BCD92BAA107A00BCEEEA /* Preview Assets.xcassets in Resources */ = {isa = PBXBuildFile; fileRef = 0405BCD82BAA107A00BCEEEA /* Preview Assets.xcassets */; };
		ED759C422BAA435C00A61C46 /* DbApi.swift in Sources */ = {isa = PBXBuildFile; fileRef = ED759C412BAA435C00A61C46 /* DbApi.swift */; };
		ED759C462BAA44FB00A61C46 /* CodableFirebase in Frameworks */ = {isa = PBXBuildFile; productRef = ED759C452BAA44FB00A61C46 /* CodableFirebase */; };
		ED759C4B2BAA486D00A61C46 /* FirebaseAuth in Frameworks */ = {isa = PBXBuildFile; productRef = ED759C4A2BAA486D00A61C46 /* FirebaseAuth */; };
		ED759C4D2BAA487C00A61C46 /* FirebaseFirestoreSwift in Frameworks */ = {isa = PBXBuildFile; productRef = ED759C4C2BAA487C00A61C46 /* FirebaseFirestoreSwift */; };
		ED759C522BAA565C00A61C46 /* StudentModel.swift in Sources */ = {isa = PBXBuildFile; fileRef = ED759C512BAA565C00A61C46 /* StudentModel.swift */; };
		ED759C562BAA5A9500A61C46 /* StudentApi.swift in Sources */ = {isa = PBXBuildFile; fileRef = ED759C552BAA5A9500A61C46 /* StudentApi.swift */; };
		ED759C582BAA79E300A61C46 /* GoogleService-Info.plist in Resources */ = {isa = PBXBuildFile; fileRef = ED759C572BAA79E300A61C46 /* GoogleService-Info.plist */; };
		ED759C5D2BAA7E7D00A61C46 /* RootView.swift in Sources */ = {isa = PBXBuildFile; fileRef = ED759C5C2BAA7E7D00A61C46 /* RootView.swift */; };
		ED759C632BAA860600A61C46 /* LandingView.swift in Sources */ = {isa = PBXBuildFile; fileRef = ED759C622BAA860600A61C46 /* LandingView.swift */; };
		ED759C652BAA873000A61C46 /* LoginView.swift in Sources */ = {isa = PBXBuildFile; fileRef = ED759C642BAA873000A61C46 /* LoginView.swift */; };
		ED759C672BAA873A00A61C46 /* SignUpView.swift in Sources */ = {isa = PBXBuildFile; fileRef = ED759C662BAA873A00A61C46 /* SignUpView.swift */; };
		ED759C692BAA938300A61C46 /* HomeView.swift in Sources */ = {isa = PBXBuildFile; fileRef = ED759C682BAA938300A61C46 /* HomeView.swift */; };
		ED759C6D2BAAA07D00A61C46 /* LoginViewModel.swift in Sources */ = {isa = PBXBuildFile; fileRef = ED759C6C2BAAA07D00A61C46 /* LoginViewModel.swift */; };
		ED759C712BAAA3BC00A61C46 /* AuthApi.swift in Sources */ = {isa = PBXBuildFile; fileRef = ED759C702BAAA3BC00A61C46 /* AuthApi.swift */; };
		ED759C732BAAA55E00A61C46 /* ViewModel.swift in Sources */ = {isa = PBXBuildFile; fileRef = ED759C722BAAA55E00A61C46 /* ViewModel.swift */; };
		ED759C752BAABC0700A61C46 /* AuthViewModel.swift in Sources */ = {isa = PBXBuildFile; fileRef = ED759C742BAABC0700A61C46 /* AuthViewModel.swift */; };
		ED759C772BAAC01400A61C46 /* SignUpViewModel.swift in Sources */ = {isa = PBXBuildFile; fileRef = ED759C762BAAC01400A61C46 /* SignUpViewModel.swift */; };
/* End PBXBuildFile section */

/* Begin PBXFileReference section */
		0405BCCE2BAA107600BCEEEA /* ResearchRoute.app */ = {isa = PBXFileReference; explicitFileType = wrapper.application; includeInIndex = 0; path = ResearchRoute.app; sourceTree = BUILT_PRODUCTS_DIR; };
		0405BCD12BAA107600BCEEEA /* ResearchRouteApp.swift */ = {isa = PBXFileReference; lastKnownFileType = sourcecode.swift; path = ResearchRouteApp.swift; sourceTree = "<group>"; };
		0405BCD52BAA107A00BCEEEA /* Assets.xcassets */ = {isa = PBXFileReference; lastKnownFileType = folder.assetcatalog; path = Assets.xcassets; sourceTree = "<group>"; };
		0405BCD82BAA107A00BCEEEA /* Preview Assets.xcassets */ = {isa = PBXFileReference; lastKnownFileType = folder.assetcatalog; path = "Preview Assets.xcassets"; sourceTree = "<group>"; };
		ED759C412BAA435C00A61C46 /* DbApi.swift */ = {isa = PBXFileReference; lastKnownFileType = sourcecode.swift; path = DbApi.swift; sourceTree = "<group>"; };
		ED759C512BAA565C00A61C46 /* StudentModel.swift */ = {isa = PBXFileReference; lastKnownFileType = sourcecode.swift; path = StudentModel.swift; sourceTree = "<group>"; };
		ED759C552BAA5A9500A61C46 /* StudentApi.swift */ = {isa = PBXFileReference; lastKnownFileType = sourcecode.swift; path = StudentApi.swift; sourceTree = "<group>"; };
		ED759C572BAA79E300A61C46 /* GoogleService-Info.plist */ = {isa = PBXFileReference; fileEncoding = 4; lastKnownFileType = text.plist.xml; name = "GoogleService-Info.plist"; path = "../../../../Downloads/GoogleService-Info.plist"; sourceTree = "<group>"; };
		ED759C5C2BAA7E7D00A61C46 /* RootView.swift */ = {isa = PBXFileReference; lastKnownFileType = sourcecode.swift; path = RootView.swift; sourceTree = "<group>"; };
		ED759C622BAA860600A61C46 /* LandingView.swift */ = {isa = PBXFileReference; lastKnownFileType = sourcecode.swift; path = LandingView.swift; sourceTree = "<group>"; };
		ED759C642BAA873000A61C46 /* LoginView.swift */ = {isa = PBXFileReference; lastKnownFileType = sourcecode.swift; path = LoginView.swift; sourceTree = "<group>"; };
		ED759C662BAA873A00A61C46 /* SignUpView.swift */ = {isa = PBXFileReference; lastKnownFileType = sourcecode.swift; path = SignUpView.swift; sourceTree = "<group>"; };
		ED759C682BAA938300A61C46 /* HomeView.swift */ = {isa = PBXFileReference; lastKnownFileType = sourcecode.swift; path = HomeView.swift; sourceTree = "<group>"; };
		ED759C6C2BAAA07D00A61C46 /* LoginViewModel.swift */ = {isa = PBXFileReference; lastKnownFileType = sourcecode.swift; path = LoginViewModel.swift; sourceTree = "<group>"; };
		ED759C702BAAA3BC00A61C46 /* AuthApi.swift */ = {isa = PBXFileReference; lastKnownFileType = sourcecode.swift; path = AuthApi.swift; sourceTree = "<group>"; };
		ED759C722BAAA55E00A61C46 /* ViewModel.swift */ = {isa = PBXFileReference; lastKnownFileType = sourcecode.swift; path = ViewModel.swift; sourceTree = "<group>"; };
		ED759C742BAABC0700A61C46 /* AuthViewModel.swift */ = {isa = PBXFileReference; lastKnownFileType = sourcecode.swift; path = AuthViewModel.swift; sourceTree = "<group>"; };
		ED759C762BAAC01400A61C46 /* SignUpViewModel.swift */ = {isa = PBXFileReference; lastKnownFileType = sourcecode.swift; path = SignUpViewModel.swift; sourceTree = "<group>"; };
/* End PBXFileReference section */

/* Begin PBXFrameworksBuildPhase section */
		0405BCCB2BAA107600BCEEEA /* Frameworks */ = {
			isa = PBXFrameworksBuildPhase;
			buildActionMask = 2147483647;
			files = (
				ED759C462BAA44FB00A61C46 /* CodableFirebase in Frameworks */,
				ED759C4B2BAA486D00A61C46 /* FirebaseAuth in Frameworks */,
				ED759C4D2BAA487C00A61C46 /* FirebaseFirestoreSwift in Frameworks */,
			);
			runOnlyForDeploymentPostprocessing = 0;
		};
/* End PBXFrameworksBuildPhase section */

/* Begin PBXGroup section */
		0405BCC52BAA107600BCEEEA = {
			isa = PBXGroup;
			children = (
				ED759C572BAA79E300A61C46 /* GoogleService-Info.plist */,
				0405BCD02BAA107600BCEEEA /* ResearchRoute */,
				0405BCCF2BAA107600BCEEEA /* Products */,
				ED759C472BAA486700A61C46 /* Frameworks */,
			);
			sourceTree = "<group>";
		};
		0405BCCF2BAA107600BCEEEA /* Products */ = {
			isa = PBXGroup;
			children = (
				0405BCCE2BAA107600BCEEEA /* ResearchRoute.app */,
			);
			name = Products;
			sourceTree = "<group>";
		};
		0405BCD02BAA107600BCEEEA /* ResearchRoute */ = {
			isa = PBXGroup;
			children = (
				ED759C5B2BAA7E6800A61C46 /* View */,
				ED759C5A2BAA7E1500A61C46 /* ViewModel */,
				ED759C4E2BAA4E3100A61C46 /* Model */,
				ED759C3D2BAA3F5900A61C46 /* Api */,
				0405BCD12BAA107600BCEEEA /* ResearchRouteApp.swift */,
				0405BCD52BAA107A00BCEEEA /* Assets.xcassets */,
				0405BCD72BAA107A00BCEEEA /* Preview Content */,
			);
			path = ResearchRoute;
			sourceTree = "<group>";
		};
		0405BCD72BAA107A00BCEEEA /* Preview Content */ = {
			isa = PBXGroup;
			children = (
				0405BCD82BAA107A00BCEEEA /* Preview Assets.xcassets */,
			);
			path = "Preview Content";
			sourceTree = "<group>";
		};
		ED759C3D2BAA3F5900A61C46 /* Api */ = {
			isa = PBXGroup;
			children = (
				ED759C412BAA435C00A61C46 /* DbApi.swift */,
				ED759C552BAA5A9500A61C46 /* StudentApi.swift */,
				ED759C702BAAA3BC00A61C46 /* AuthApi.swift */,
			);
			path = Api;
			sourceTree = "<group>";
		};
		ED759C472BAA486700A61C46 /* Frameworks */ = {
			isa = PBXGroup;
			children = (
			);
			name = Frameworks;
			sourceTree = "<group>";
		};
		ED759C4E2BAA4E3100A61C46 /* Model */ = {
			isa = PBXGroup;
			children = (
				ED759C512BAA565C00A61C46 /* StudentModel.swift */,
			);
			path = Model;
			sourceTree = "<group>";
		};
		ED759C5A2BAA7E1500A61C46 /* ViewModel */ = {
			isa = PBXGroup;
			children = (
				ED759C722BAAA55E00A61C46 /* ViewModel.swift */,
				ED759C6C2BAAA07D00A61C46 /* LoginViewModel.swift */,
				ED759C742BAABC0700A61C46 /* AuthViewModel.swift */,
				ED759C762BAAC01400A61C46 /* SignUpViewModel.swift */,
			);
			path = ViewModel;
			sourceTree = "<group>";
		};
		ED759C5B2BAA7E6800A61C46 /* View */ = {
			isa = PBXGroup;
			children = (
				ED759C5C2BAA7E7D00A61C46 /* RootView.swift */,
				ED759C622BAA860600A61C46 /* LandingView.swift */,
				ED759C642BAA873000A61C46 /* LoginView.swift */,
				ED759C662BAA873A00A61C46 /* SignUpView.swift */,
				ED759C682BAA938300A61C46 /* HomeView.swift */,
			);
			path = View;
			sourceTree = "<group>";
		};
/* End PBXGroup section */

/* Begin PBXNativeTarget section */
		0405BCCD2BAA107600BCEEEA /* ResearchRoute */ = {
			isa = PBXNativeTarget;
			buildConfigurationList = 0405BCDC2BAA107A00BCEEEA /* Build configuration list for PBXNativeTarget "ResearchRoute" */;
			buildPhases = (
				0405BCCA2BAA107600BCEEEA /* Sources */,
				0405BCCB2BAA107600BCEEEA /* Frameworks */,
				0405BCCC2BAA107600BCEEEA /* Resources */,
			);
			buildRules = (
			);
			dependencies = (
			);
			name = ResearchRoute;
			packageProductDependencies = (
				ED759C452BAA44FB00A61C46 /* CodableFirebase */,
				ED759C4A2BAA486D00A61C46 /* FirebaseAuth */,
				ED759C4C2BAA487C00A61C46 /* FirebaseFirestoreSwift */,
			);
			productName = ResearchRoute;
			productReference = 0405BCCE2BAA107600BCEEEA /* ResearchRoute.app */;
			productType = "com.apple.product-type.application";
		};
/* End PBXNativeTarget section */

/* Begin PBXProject section */
		0405BCC62BAA107600BCEEEA /* Project object */ = {
			isa = PBXProject;
			attributes = {
				BuildIndependentTargetsInParallel = 1;
				LastSwiftUpdateCheck = 1530;
				LastUpgradeCheck = 1530;
				TargetAttributes = {
					0405BCCD2BAA107600BCEEEA = {
						CreatedOnToolsVersion = 15.3;
					};
				};
			};
			buildConfigurationList = 0405BCC92BAA107600BCEEEA /* Build configuration list for PBXProject "ResearchRoute" */;
			compatibilityVersion = "Xcode 14.0";
			developmentRegion = en;
			hasScannedForEncodings = 0;
			knownRegions = (
				en,
				Base,
			);
			mainGroup = 0405BCC52BAA107600BCEEEA;
			packageReferences = (
				ED759C432BAA44DA00A61C46 /* XCRemoteSwiftPackageReference "firebase-ios-sdk" */,
				ED759C442BAA44FB00A61C46 /* XCRemoteSwiftPackageReference "CodableFirebase" */,
			);
			productRefGroup = 0405BCCF2BAA107600BCEEEA /* Products */;
			projectDirPath = "";
			projectRoot = "";
			targets = (
				0405BCCD2BAA107600BCEEEA /* ResearchRoute */,
			);
		};
/* End PBXProject section */

/* Begin PBXResourcesBuildPhase section */
		0405BCCC2BAA107600BCEEEA /* Resources */ = {
			isa = PBXResourcesBuildPhase;
			buildActionMask = 2147483647;
			files = (
				0405BCD92BAA107A00BCEEEA /* Preview Assets.xcassets in Resources */,
				0405BCD62BAA107A00BCEEEA /* Assets.xcassets in Resources */,
				ED759C582BAA79E300A61C46 /* GoogleService-Info.plist in Resources */,
			);
			runOnlyForDeploymentPostprocessing = 0;
		};
/* End PBXResourcesBuildPhase section */

/* Begin PBXSourcesBuildPhase section */
		0405BCCA2BAA107600BCEEEA /* Sources */ = {
			isa = PBXSourcesBuildPhase;
			buildActionMask = 2147483647;
			files = (
				ED759C522BAA565C00A61C46 /* StudentModel.swift in Sources */,
				ED759C712BAAA3BC00A61C46 /* AuthApi.swift in Sources */,
				ED759C632BAA860600A61C46 /* LandingView.swift in Sources */,
				ED759C5D2BAA7E7D00A61C46 /* RootView.swift in Sources */,
				ED759C692BAA938300A61C46 /* HomeView.swift in Sources */,
				0405BCD22BAA107600BCEEEA /* ResearchRouteApp.swift in Sources */,
				ED759C772BAAC01400A61C46 /* SignUpViewModel.swift in Sources */,
				ED759C732BAAA55E00A61C46 /* ViewModel.swift in Sources */,
				ED759C562BAA5A9500A61C46 /* StudentApi.swift in Sources */,
				ED759C6D2BAAA07D00A61C46 /* LoginViewModel.swift in Sources */,
				ED759C752BAABC0700A61C46 /* AuthViewModel.swift in Sources */,
				ED759C652BAA873000A61C46 /* LoginView.swift in Sources */,
				ED759C672BAA873A00A61C46 /* SignUpView.swift in Sources */,
				ED759C422BAA435C00A61C46 /* DbApi.swift in Sources */,
			);
			runOnlyForDeploymentPostprocessing = 0;
		};
/* End PBXSourcesBuildPhase section */

/* Begin XCBuildConfiguration section */
		0405BCDA2BAA107A00BCEEEA /* Debug */ = {
			isa = XCBuildConfiguration;
			buildSettings = {
				ALWAYS_SEARCH_USER_PATHS = NO;
				ASSETCATALOG_COMPILER_GENERATE_SWIFT_ASSET_SYMBOL_EXTENSIONS = YES;
				CLANG_ANALYZER_NONNULL = YES;
				CLANG_ANALYZER_NUMBER_OBJECT_CONVERSION = YES_AGGRESSIVE;
				CLANG_CXX_LANGUAGE_STANDARD = "gnu++20";
				CLANG_ENABLE_MODULES = YES;
				CLANG_ENABLE_OBJC_ARC = YES;
				CLANG_ENABLE_OBJC_WEAK = YES;
				CLANG_WARN_BLOCK_CAPTURE_AUTORELEASING = YES;
				CLANG_WARN_BOOL_CONVERSION = YES;
				CLANG_WARN_COMMA = YES;
				CLANG_WARN_CONSTANT_CONVERSION = YES;
				CLANG_WARN_DEPRECATED_OBJC_IMPLEMENTATIONS = YES;
				CLANG_WARN_DIRECT_OBJC_ISA_USAGE = YES_ERROR;
				CLANG_WARN_DOCUMENTATION_COMMENTS = YES;
				CLANG_WARN_EMPTY_BODY = YES;
				CLANG_WARN_ENUM_CONVERSION = YES;
				CLANG_WARN_INFINITE_RECURSION = YES;
				CLANG_WARN_INT_CONVERSION = YES;
				CLANG_WARN_NON_LITERAL_NULL_CONVERSION = YES;
				CLANG_WARN_OBJC_IMPLICIT_RETAIN_SELF = YES;
				CLANG_WARN_OBJC_LITERAL_CONVERSION = YES;
				CLANG_WARN_OBJC_ROOT_CLASS = YES_ERROR;
				CLANG_WARN_QUOTED_INCLUDE_IN_FRAMEWORK_HEADER = YES;
				CLANG_WARN_RANGE_LOOP_ANALYSIS = YES;
				CLANG_WARN_STRICT_PROTOTYPES = YES;
				CLANG_WARN_SUSPICIOUS_MOVE = YES;
				CLANG_WARN_UNGUARDED_AVAILABILITY = YES_AGGRESSIVE;
				CLANG_WARN_UNREACHABLE_CODE = YES;
				CLANG_WARN__DUPLICATE_METHOD_MATCH = YES;
				COPY_PHASE_STRIP = NO;
				DEBUG_INFORMATION_FORMAT = dwarf;
				ENABLE_STRICT_OBJC_MSGSEND = YES;
				ENABLE_TESTABILITY = YES;
				ENABLE_USER_SCRIPT_SANDBOXING = YES;
				GCC_C_LANGUAGE_STANDARD = gnu17;
				GCC_DYNAMIC_NO_PIC = NO;
				GCC_NO_COMMON_BLOCKS = YES;
				GCC_OPTIMIZATION_LEVEL = 0;
				GCC_PREPROCESSOR_DEFINITIONS = (
					"DEBUG=1",
					"$(inherited)",
				);
				GCC_WARN_64_TO_32_BIT_CONVERSION = YES;
				GCC_WARN_ABOUT_RETURN_TYPE = YES_ERROR;
				GCC_WARN_UNDECLARED_SELECTOR = YES;
				GCC_WARN_UNINITIALIZED_AUTOS = YES_AGGRESSIVE;
				GCC_WARN_UNUSED_FUNCTION = YES;
				GCC_WARN_UNUSED_VARIABLE = YES;
				IPHONEOS_DEPLOYMENT_TARGET = 17.4;
				LOCALIZATION_PREFERS_STRING_CATALOGS = YES;
				MTL_ENABLE_DEBUG_INFO = INCLUDE_SOURCE;
				MTL_FAST_MATH = YES;
				ONLY_ACTIVE_ARCH = YES;
				SDKROOT = iphoneos;
				SWIFT_ACTIVE_COMPILATION_CONDITIONS = "DEBUG $(inherited)";
				SWIFT_OPTIMIZATION_LEVEL = "-Onone";
			};
			name = Debug;
		};
		0405BCDB2BAA107A00BCEEEA /* Release */ = {
			isa = XCBuildConfiguration;
			buildSettings = {
				ALWAYS_SEARCH_USER_PATHS = NO;
				ASSETCATALOG_COMPILER_GENERATE_SWIFT_ASSET_SYMBOL_EXTENSIONS = YES;
				CLANG_ANALYZER_NONNULL = YES;
				CLANG_ANALYZER_NUMBER_OBJECT_CONVERSION = YES_AGGRESSIVE;
				CLANG_CXX_LANGUAGE_STANDARD = "gnu++20";
				CLANG_ENABLE_MODULES = YES;
				CLANG_ENABLE_OBJC_ARC = YES;
				CLANG_ENABLE_OBJC_WEAK = YES;
				CLANG_WARN_BLOCK_CAPTURE_AUTORELEASING = YES;
				CLANG_WARN_BOOL_CONVERSION = YES;
				CLANG_WARN_COMMA = YES;
				CLANG_WARN_CONSTANT_CONVERSION = YES;
				CLANG_WARN_DEPRECATED_OBJC_IMPLEMENTATIONS = YES;
				CLANG_WARN_DIRECT_OBJC_ISA_USAGE = YES_ERROR;
				CLANG_WARN_DOCUMENTATION_COMMENTS = YES;
				CLANG_WARN_EMPTY_BODY = YES;
				CLANG_WARN_ENUM_CONVERSION = YES;
				CLANG_WARN_INFINITE_RECURSION = YES;
				CLANG_WARN_INT_CONVERSION = YES;
				CLANG_WARN_NON_LITERAL_NULL_CONVERSION = YES;
				CLANG_WARN_OBJC_IMPLICIT_RETAIN_SELF = YES;
				CLANG_WARN_OBJC_LITERAL_CONVERSION = YES;
				CLANG_WARN_OBJC_ROOT_CLASS = YES_ERROR;
				CLANG_WARN_QUOTED_INCLUDE_IN_FRAMEWORK_HEADER = YES;
				CLANG_WARN_RANGE_LOOP_ANALYSIS = YES;
				CLANG_WARN_STRICT_PROTOTYPES = YES;
				CLANG_WARN_SUSPICIOUS_MOVE = YES;
				CLANG_WARN_UNGUARDED_AVAILABILITY = YES_AGGRESSIVE;
				CLANG_WARN_UNREACHABLE_CODE = YES;
				CLANG_WARN__DUPLICATE_METHOD_MATCH = YES;
				COPY_PHASE_STRIP = NO;
				DEBUG_INFORMATION_FORMAT = "dwarf-with-dsym";
				ENABLE_NS_ASSERTIONS = NO;
				ENABLE_STRICT_OBJC_MSGSEND = YES;
				ENABLE_USER_SCRIPT_SANDBOXING = YES;
				GCC_C_LANGUAGE_STANDARD = gnu17;
				GCC_NO_COMMON_BLOCKS = YES;
				GCC_WARN_64_TO_32_BIT_CONVERSION = YES;
				GCC_WARN_ABOUT_RETURN_TYPE = YES_ERROR;
				GCC_WARN_UNDECLARED_SELECTOR = YES;
				GCC_WARN_UNINITIALIZED_AUTOS = YES_AGGRESSIVE;
				GCC_WARN_UNUSED_FUNCTION = YES;
				GCC_WARN_UNUSED_VARIABLE = YES;
				IPHONEOS_DEPLOYMENT_TARGET = 17.4;
				LOCALIZATION_PREFERS_STRING_CATALOGS = YES;
				MTL_ENABLE_DEBUG_INFO = NO;
				MTL_FAST_MATH = YES;
				SDKROOT = iphoneos;
				SWIFT_COMPILATION_MODE = wholemodule;
				VALIDATE_PRODUCT = YES;
			};
			name = Release;
		};
		0405BCDD2BAA107A00BCEEEA /* Debug */ = {
			isa = XCBuildConfiguration;
			buildSettings = {
				ASSETCATALOG_COMPILER_APPICON_NAME = AppIcon;
				ASSETCATALOG_COMPILER_GLOBAL_ACCENT_COLOR_NAME = AccentColor;
				CODE_SIGN_STYLE = Automatic;
				CURRENT_PROJECT_VERSION = 1;
				DEVELOPMENT_ASSET_PATHS = "\"ResearchRoute/Preview Content\"";
				DEVELOPMENT_TEAM = 8B962782PK;
				ENABLE_PREVIEWS = YES;
				GENERATE_INFOPLIST_FILE = YES;
				INFOPLIST_KEY_UIApplicationSceneManifest_Generation = YES;
				INFOPLIST_KEY_UIApplicationSupportsIndirectInputEvents = YES;
				INFOPLIST_KEY_UILaunchScreen_Generation = YES;
				INFOPLIST_KEY_UISupportedInterfaceOrientations_iPad = "UIInterfaceOrientationPortrait UIInterfaceOrientationPortraitUpsideDown UIInterfaceOrientationLandscapeLeft UIInterfaceOrientationLandscapeRight";
				INFOPLIST_KEY_UISupportedInterfaceOrientations_iPhone = "UIInterfaceOrientationPortrait UIInterfaceOrientationLandscapeLeft UIInterfaceOrientationLandscapeRight";
				LD_RUNPATH_SEARCH_PATHS = (
					"$(inherited)",
					"@executable_path/Frameworks",
				);
				MARKETING_VERSION = 1.0;
				PRODUCT_BUNDLE_IDENTIFIER = edu.ucdavis.cs.ecs189e.ResearchRoute.Andrew;
				PRODUCT_NAME = "$(TARGET_NAME)";
				SWIFT_EMIT_LOC_STRINGS = YES;
				SWIFT_VERSION = 5.0;
				TARGETED_DEVICE_FAMILY = "1,2";
			};
			name = Debug;
		};
		0405BCDE2BAA107A00BCEEEA /* Release */ = {
			isa = XCBuildConfiguration;
			buildSettings = {
				ASSETCATALOG_COMPILER_APPICON_NAME = AppIcon;
				ASSETCATALOG_COMPILER_GLOBAL_ACCENT_COLOR_NAME = AccentColor;
				CODE_SIGN_STYLE = Automatic;
				CURRENT_PROJECT_VERSION = 1;
				DEVELOPMENT_ASSET_PATHS = "\"ResearchRoute/Preview Content\"";
				DEVELOPMENT_TEAM = 8B962782PK;
				ENABLE_PREVIEWS = YES;
				GENERATE_INFOPLIST_FILE = YES;
				INFOPLIST_KEY_UIApplicationSceneManifest_Generation = YES;
				INFOPLIST_KEY_UIApplicationSupportsIndirectInputEvents = YES;
				INFOPLIST_KEY_UILaunchScreen_Generation = YES;
				INFOPLIST_KEY_UISupportedInterfaceOrientations_iPad = "UIInterfaceOrientationPortrait UIInterfaceOrientationPortraitUpsideDown UIInterfaceOrientationLandscapeLeft UIInterfaceOrientationLandscapeRight";
				INFOPLIST_KEY_UISupportedInterfaceOrientations_iPhone = "UIInterfaceOrientationPortrait UIInterfaceOrientationLandscapeLeft UIInterfaceOrientationLandscapeRight";
				LD_RUNPATH_SEARCH_PATHS = (
					"$(inherited)",
					"@executable_path/Frameworks",
				);
				MARKETING_VERSION = 1.0;
				PRODUCT_BUNDLE_IDENTIFIER = edu.ucdavis.cs.ecs189e.ResearchRoute.Andrew;
				PRODUCT_NAME = "$(TARGET_NAME)";
				SWIFT_EMIT_LOC_STRINGS = YES;
				SWIFT_VERSION = 5.0;
				TARGETED_DEVICE_FAMILY = "1,2";
			};
			name = Release;
		};
/* End XCBuildConfiguration section */

/* Begin XCConfigurationList section */
		0405BCC92BAA107600BCEEEA /* Build configuration list for PBXProject "ResearchRoute" */ = {
			isa = XCConfigurationList;
			buildConfigurations = (
				0405BCDA2BAA107A00BCEEEA /* Debug */,
				0405BCDB2BAA107A00BCEEEA /* Release */,
			);
			defaultConfigurationIsVisible = 0;
			defaultConfigurationName = Release;
		};
		0405BCDC2BAA107A00BCEEEA /* Build configuration list for PBXNativeTarget "ResearchRoute" */ = {
			isa = XCConfigurationList;
			buildConfigurations = (
				0405BCDD2BAA107A00BCEEEA /* Debug */,
				0405BCDE2BAA107A00BCEEEA /* Release */,
			);
			defaultConfigurationIsVisible = 0;
			defaultConfigurationName = Release;
		};
/* End XCConfigurationList section */

/* Begin XCRemoteSwiftPackageReference section */
		ED759C432BAA44DA00A61C46 /* XCRemoteSwiftPackageReference "firebase-ios-sdk" */ = {
			isa = XCRemoteSwiftPackageReference;
			repositoryURL = "https://github.com/firebase/firebase-ios-sdk.git";
			requirement = {
				kind = upToNextMajorVersion;
				minimumVersion = 10.23.0;
			};
		};
		ED759C442BAA44FB00A61C46 /* XCRemoteSwiftPackageReference "CodableFirebase" */ = {
			isa = XCRemoteSwiftPackageReference;
			repositoryURL = "https://github.com/alickbass/CodableFirebase";
			requirement = {
				kind = upToNextMajorVersion;
				minimumVersion = 0.2.2;
			};
		};
/* End XCRemoteSwiftPackageReference section */

/* Begin XCSwiftPackageProductDependency section */
		ED759C452BAA44FB00A61C46 /* CodableFirebase */ = {
			isa = XCSwiftPackageProductDependency;
			package = ED759C442BAA44FB00A61C46 /* XCRemoteSwiftPackageReference "CodableFirebase" */;
			productName = CodableFirebase;
		};
		ED759C4A2BAA486D00A61C46 /* FirebaseAuth */ = {
			isa = XCSwiftPackageProductDependency;
			package = ED759C432BAA44DA00A61C46 /* XCRemoteSwiftPackageReference "firebase-ios-sdk" */;
			productName = FirebaseAuth;
		};
		ED759C4C2BAA487C00A61C46 /* FirebaseFirestoreSwift */ = {
			isa = XCSwiftPackageProductDependency;
			package = ED759C432BAA44DA00A61C46 /* XCRemoteSwiftPackageReference "firebase-ios-sdk" */;
			productName = FirebaseFirestoreSwift;
		};
/* End XCSwiftPackageProductDependency section */
	};
	rootObject = 0405BCC62BAA107600BCEEEA /* Project object */;
}
