// !$*UTF8*$!
{
	archiveVersion = 1;
	classes = {
	};
	objectVersion = 56;
	objects = {

/* Begin PBXBuildFile section */
		0405BCD22BAA107600BCEEEA /* ResearchRouteApp.swift in Sources */ = {isa = PBXBuildFile; fileRef = 0405BCD12BAA107600BCEEEA /* ResearchRouteApp.swift */; };
		0405BCD62BAA107A00BCEEEA /* Assets.xcassets in Resources */ = {isa = PBXBuildFile; fileRef = 0405BCD52BAA107A00BCEEEA /* Assets.xcassets */; };
		0405BCD92BAA107A00BCEEEA /* Preview Assets.xcassets in Resources */ = {isa = PBXBuildFile; fileRef = 0405BCD82BAA107A00BCEEEA /* Preview Assets.xcassets */; };
		181E0CD42BADE99D00EAFA7F /* Poppins-LightItalic.ttf in Resources */ = {isa = PBXBuildFile; fileRef = 181E0CC22BADE99C00EAFA7F /* Poppins-LightItalic.ttf */; };
		181E0CD52BADE99D00EAFA7F /* Poppins-ExtraBoldItalic.ttf in Resources */ = {isa = PBXBuildFile; fileRef = 181E0CC32BADE99C00EAFA7F /* Poppins-ExtraBoldItalic.ttf */; };
		181E0CD62BADE99D00EAFA7F /* Poppins-Light.ttf in Resources */ = {isa = PBXBuildFile; fileRef = 181E0CC42BADE99C00EAFA7F /* Poppins-Light.ttf */; };
		181E0CD72BADE99D00EAFA7F /* Poppins-Italic.ttf in Resources */ = {isa = PBXBuildFile; fileRef = 181E0CC52BADE99C00EAFA7F /* Poppins-Italic.ttf */; };
		181E0CD82BADE99D00EAFA7F /* Poppins-ExtraBold.ttf in Resources */ = {isa = PBXBuildFile; fileRef = 181E0CC62BADE99C00EAFA7F /* Poppins-ExtraBold.ttf */; };
		181E0CD92BADE99D00EAFA7F /* Poppins-SemiBold.ttf in Resources */ = {isa = PBXBuildFile; fileRef = 181E0CC72BADE99C00EAFA7F /* Poppins-SemiBold.ttf */; };
		181E0CDA2BADE99D00EAFA7F /* Poppins-Thin.ttf in Resources */ = {isa = PBXBuildFile; fileRef = 181E0CC82BADE99C00EAFA7F /* Poppins-Thin.ttf */; };
		181E0CDB2BADE99D00EAFA7F /* Poppins-Regular.ttf in Resources */ = {isa = PBXBuildFile; fileRef = 181E0CC92BADE99C00EAFA7F /* Poppins-Regular.ttf */; };
		181E0CDC2BADE99D00EAFA7F /* Poppins-BlackItalic.ttf in Resources */ = {isa = PBXBuildFile; fileRef = 181E0CCA2BADE99C00EAFA7F /* Poppins-BlackItalic.ttf */; };
		181E0CDD2BADE99D00EAFA7F /* Poppins-Black.ttf in Resources */ = {isa = PBXBuildFile; fileRef = 181E0CCB2BADE99C00EAFA7F /* Poppins-Black.ttf */; };
		181E0CDE2BADE99D00EAFA7F /* Poppins-MediumItalic.ttf in Resources */ = {isa = PBXBuildFile; fileRef = 181E0CCC2BADE99C00EAFA7F /* Poppins-MediumItalic.ttf */; };
		181E0CDF2BADE99D00EAFA7F /* Poppins-BoldItalic.ttf in Resources */ = {isa = PBXBuildFile; fileRef = 181E0CCD2BADE99C00EAFA7F /* Poppins-BoldItalic.ttf */; };
		181E0CE02BADE99D00EAFA7F /* Poppins-Medium.ttf in Resources */ = {isa = PBXBuildFile; fileRef = 181E0CCE2BADE99D00EAFA7F /* Poppins-Medium.ttf */; };
		181E0CE12BADE99D00EAFA7F /* Poppins-SemiBoldItalic.ttf in Resources */ = {isa = PBXBuildFile; fileRef = 181E0CCF2BADE99D00EAFA7F /* Poppins-SemiBoldItalic.ttf */; };
		181E0CE22BADE99D00EAFA7F /* Poppins-ExtraLightItalic.ttf in Resources */ = {isa = PBXBuildFile; fileRef = 181E0CD02BADE99D00EAFA7F /* Poppins-ExtraLightItalic.ttf */; };
		181E0CE32BADE99D00EAFA7F /* Poppins-ThinItalic.ttf in Resources */ = {isa = PBXBuildFile; fileRef = 181E0CD12BADE99D00EAFA7F /* Poppins-ThinItalic.ttf */; };
		181E0CE42BADE99D00EAFA7F /* Poppins-Bold.ttf in Resources */ = {isa = PBXBuildFile; fileRef = 181E0CD22BADE99D00EAFA7F /* Poppins-Bold.ttf */; };
		181E0CE52BADE99D00EAFA7F /* Poppins-ExtraLight.ttf in Resources */ = {isa = PBXBuildFile; fileRef = 181E0CD32BADE99D00EAFA7F /* Poppins-ExtraLight.ttf */; };
		18C3B04B2BACADD800DDF5A9 /* FirebaseAnalytics in Frameworks */ = {isa = PBXBuildFile; productRef = 18C3B04A2BACADD800DDF5A9 /* FirebaseAnalytics */; };
		18C3B04D2BACADD800DDF5A9 /* FirebaseAnalyticsOnDeviceConversion in Frameworks */ = {isa = PBXBuildFile; productRef = 18C3B04C2BACADD800DDF5A9 /* FirebaseAnalyticsOnDeviceConversion */; };
		18C3B04F2BACADD800DDF5A9 /* FirebaseAnalyticsSwift in Frameworks */ = {isa = PBXBuildFile; productRef = 18C3B04E2BACADD800DDF5A9 /* FirebaseAnalyticsSwift */; };
		18C3B0512BACADD800DDF5A9 /* FirebaseAnalyticsWithoutAdIdSupport in Frameworks */ = {isa = PBXBuildFile; productRef = 18C3B0502BACADD800DDF5A9 /* FirebaseAnalyticsWithoutAdIdSupport */; };
		18C3B0532BACADD800DDF5A9 /* FirebaseAppCheck in Frameworks */ = {isa = PBXBuildFile; productRef = 18C3B0522BACADD800DDF5A9 /* FirebaseAppCheck */; };
		18C3B0552BACADD800DDF5A9 /* FirebaseAppDistribution-Beta in Frameworks */ = {isa = PBXBuildFile; productRef = 18C3B0542BACADD800DDF5A9 /* FirebaseAppDistribution-Beta */; };
		18C3B0572BACADD800DDF5A9 /* FirebaseAuth in Frameworks */ = {isa = PBXBuildFile; productRef = 18C3B0562BACADD800DDF5A9 /* FirebaseAuth */; };
		18C3B0592BACADD800DDF5A9 /* FirebaseAuthCombine-Community in Frameworks */ = {isa = PBXBuildFile; productRef = 18C3B0582BACADD800DDF5A9 /* FirebaseAuthCombine-Community */; };
		18C3B05B2BACADD800DDF5A9 /* FirebaseCrashlytics in Frameworks */ = {isa = PBXBuildFile; productRef = 18C3B05A2BACADD800DDF5A9 /* FirebaseCrashlytics */; };
		18C3B05D2BACADD800DDF5A9 /* FirebaseDatabase in Frameworks */ = {isa = PBXBuildFile; productRef = 18C3B05C2BACADD800DDF5A9 /* FirebaseDatabase */; };
		18C3B05F2BACADD800DDF5A9 /* FirebaseDatabaseSwift in Frameworks */ = {isa = PBXBuildFile; productRef = 18C3B05E2BACADD800DDF5A9 /* FirebaseDatabaseSwift */; };
		18C3B0612BACADD800DDF5A9 /* FirebaseDynamicLinks in Frameworks */ = {isa = PBXBuildFile; productRef = 18C3B0602BACADD800DDF5A9 /* FirebaseDynamicLinks */; };
		18C3B0632BACADD800DDF5A9 /* FirebaseFirestore in Frameworks */ = {isa = PBXBuildFile; productRef = 18C3B0622BACADD800DDF5A9 /* FirebaseFirestore */; };
		18C3B0652BACADD800DDF5A9 /* FirebaseFirestoreCombine-Community in Frameworks */ = {isa = PBXBuildFile; productRef = 18C3B0642BACADD800DDF5A9 /* FirebaseFirestoreCombine-Community */; };
		18C3B0672BACADD800DDF5A9 /* FirebaseFirestoreSwift in Frameworks */ = {isa = PBXBuildFile; productRef = 18C3B0662BACADD800DDF5A9 /* FirebaseFirestoreSwift */; };
		18C3B0692BACADD800DDF5A9 /* FirebaseFunctions in Frameworks */ = {isa = PBXBuildFile; productRef = 18C3B0682BACADD800DDF5A9 /* FirebaseFunctions */; };
		18C3B06B2BACADD800DDF5A9 /* FirebaseFunctionsCombine-Community in Frameworks */ = {isa = PBXBuildFile; productRef = 18C3B06A2BACADD800DDF5A9 /* FirebaseFunctionsCombine-Community */; };
		18C3B06D2BACADD800DDF5A9 /* FirebaseInAppMessaging-Beta in Frameworks */ = {isa = PBXBuildFile; productRef = 18C3B06C2BACADD800DDF5A9 /* FirebaseInAppMessaging-Beta */; };
		18C3B06F2BACADD800DDF5A9 /* FirebaseInAppMessagingSwift-Beta in Frameworks */ = {isa = PBXBuildFile; productRef = 18C3B06E2BACADD800DDF5A9 /* FirebaseInAppMessagingSwift-Beta */; };
		18C3B0712BACADD800DDF5A9 /* FirebaseInstallations in Frameworks */ = {isa = PBXBuildFile; productRef = 18C3B0702BACADD800DDF5A9 /* FirebaseInstallations */; };
		18C3B0732BACADD800DDF5A9 /* FirebaseMessaging in Frameworks */ = {isa = PBXBuildFile; productRef = 18C3B0722BACADD800DDF5A9 /* FirebaseMessaging */; };
		18C3B0752BACADD800DDF5A9 /* FirebaseMLModelDownloader in Frameworks */ = {isa = PBXBuildFile; productRef = 18C3B0742BACADD800DDF5A9 /* FirebaseMLModelDownloader */; };
		18C3B0772BACADD800DDF5A9 /* FirebasePerformance in Frameworks */ = {isa = PBXBuildFile; productRef = 18C3B0762BACADD800DDF5A9 /* FirebasePerformance */; };
		18C3B0792BACADD800DDF5A9 /* FirebaseRemoteConfig in Frameworks */ = {isa = PBXBuildFile; productRef = 18C3B0782BACADD800DDF5A9 /* FirebaseRemoteConfig */; };
		18C3B07B2BACADD800DDF5A9 /* FirebaseRemoteConfigSwift in Frameworks */ = {isa = PBXBuildFile; productRef = 18C3B07A2BACADD800DDF5A9 /* FirebaseRemoteConfigSwift */; };
		18C3B07D2BACADD800DDF5A9 /* FirebaseStorage in Frameworks */ = {isa = PBXBuildFile; productRef = 18C3B07C2BACADD800DDF5A9 /* FirebaseStorage */; };
		18C3B07F2BACADD800DDF5A9 /* FirebaseStorageCombine-Community in Frameworks */ = {isa = PBXBuildFile; productRef = 18C3B07E2BACADD800DDF5A9 /* FirebaseStorageCombine-Community */; };
		18C3B0812BACADD800DDF5A9 /* CodableFirebase in Frameworks */ = {isa = PBXBuildFile; productRef = 18C3B0802BACADD800DDF5A9 /* CodableFirebase */; };
		18C3B0832BACAEB200DDF5A9 /* EditAboutMeView.swift in Sources */ = {isa = PBXBuildFile; fileRef = 18C3B0822BACAEB200DDF5A9 /* EditAboutMeView.swift */; };
		18C3B0852BACAECF00DDF5A9 /* EditCourseworkView.swift in Sources */ = {isa = PBXBuildFile; fileRef = 18C3B0842BACAECF00DDF5A9 /* EditCourseworkView.swift */; };
		18C3B0872BACAEEF00DDF5A9 /* EditEducationItemView.swift in Sources */ = {isa = PBXBuildFile; fileRef = 18C3B0862BACAEEF00DDF5A9 /* EditEducationItemView.swift */; };
		18C3B0892BACAF0700DDF5A9 /* EditExperienceItemView.swift in Sources */ = {isa = PBXBuildFile; fileRef = 18C3B0882BACAF0700DDF5A9 /* EditExperienceItemView.swift */; };
		18C3B08B2BACAF1B00DDF5A9 /* EditNameView.swift in Sources */ = {isa = PBXBuildFile; fileRef = 18C3B08A2BACAF1B00DDF5A9 /* EditNameView.swift */; };
		18C3B08D2BACAF2D00DDF5A9 /* EditSkillsView.swift in Sources */ = {isa = PBXBuildFile; fileRef = 18C3B08C2BACAF2D00DDF5A9 /* EditSkillsView.swift */; };
		18C3B08F2BACAF7800DDF5A9 /* ProfileView.swift in Sources */ = {isa = PBXBuildFile; fileRef = 18C3B08E2BACAF7800DDF5A9 /* ProfileView.swift */; };
		18C3B0912BACAF8B00DDF5A9 /* ResumeParserView.swift in Sources */ = {isa = PBXBuildFile; fileRef = 18C3B0902BACAF8B00DDF5A9 /* ResumeParserView.swift */; };
		18C3B0932BACAFEE00DDF5A9 /* CoverLetterGeneratorView.swift in Sources */ = {isa = PBXBuildFile; fileRef = 18C3B0922BACAFEE00DDF5A9 /* CoverLetterGeneratorView.swift */; };
		18C3B0962BACB14F00DDF5A9 /* WrappingStack in Frameworks */ = {isa = PBXBuildFile; productRef = 18C3B0952BACB14F00DDF5A9 /* WrappingStack */; };
		18C3B0992BACB16300DDF5A9 /* GoogleGenerativeAI in Frameworks */ = {isa = PBXBuildFile; productRef = 18C3B0982BACB16300DDF5A9 /* GoogleGenerativeAI */; };
		18C3B09D2BACC0F800DDF5A9 /* GoogleService-Info.plist in Resources */ = {isa = PBXBuildFile; fileRef = 18C3B09C2BACC0F700DDF5A9 /* GoogleService-Info.plist */; };
		18C3B09F2BACD93800DDF5A9 /* NavigationMenuView.swift in Sources */ = {isa = PBXBuildFile; fileRef = 18C3B09E2BACD93800DDF5A9 /* NavigationMenuView.swift */; };
		18C3B0A12BACDE8D00DDF5A9 /* OcrView.swift in Sources */ = {isa = PBXBuildFile; fileRef = 18C3B0A02BACDE8D00DDF5A9 /* OcrView.swift */; };
		18C3B0A42BACDEBC00DDF5A9 /* ocr_wrapper.swift in Sources */ = {isa = PBXBuildFile; fileRef = 18C3B0A32BACDEBC00DDF5A9 /* ocr_wrapper.swift */; };
		18C3B0A62BAD387900DDF5A9 /* ApplicationView.swift in Sources */ = {isa = PBXBuildFile; fileRef = 18C3B0A52BAD387900DDF5A9 /* ApplicationView.swift */; };
		18C3B0A82BAD443600DDF5A9 /* JobApplicationSuccessView.swift in Sources */ = {isa = PBXBuildFile; fileRef = 18C3B0A72BAD443600DDF5A9 /* JobApplicationSuccessView.swift */; };
		18C3B0AC2BAD493C00DDF5A9 /* AppliedJobsView.swift in Sources */ = {isa = PBXBuildFile; fileRef = 18C3B0AB2BAD493C00DDF5A9 /* AppliedJobsView.swift */; };
		18C3B0AE2BAD498400DDF5A9 /* RecommendedProjectsView.swift in Sources */ = {isa = PBXBuildFile; fileRef = 18C3B0AD2BAD498400DDF5A9 /* RecommendedProjectsView.swift */; };
		ED759C422BAA435C00A61C46 /* DbApi.swift in Sources */ = {isa = PBXBuildFile; fileRef = ED759C412BAA435C00A61C46 /* DbApi.swift */; };
		ED759C522BAA565C00A61C46 /* StudentModel.swift in Sources */ = {isa = PBXBuildFile; fileRef = ED759C512BAA565C00A61C46 /* StudentModel.swift */; };
		ED759C562BAA5A9500A61C46 /* StudentApi.swift in Sources */ = {isa = PBXBuildFile; fileRef = ED759C552BAA5A9500A61C46 /* StudentApi.swift */; };
		ED759C5D2BAA7E7D00A61C46 /* RootView.swift in Sources */ = {isa = PBXBuildFile; fileRef = ED759C5C2BAA7E7D00A61C46 /* RootView.swift */; };
		ED759C632BAA860600A61C46 /* LandingView.swift in Sources */ = {isa = PBXBuildFile; fileRef = ED759C622BAA860600A61C46 /* LandingView.swift */; };
		ED759C652BAA873000A61C46 /* LoginView.swift in Sources */ = {isa = PBXBuildFile; fileRef = ED759C642BAA873000A61C46 /* LoginView.swift */; };
		ED759C672BAA873A00A61C46 /* SignUpView.swift in Sources */ = {isa = PBXBuildFile; fileRef = ED759C662BAA873A00A61C46 /* SignUpView.swift */; };
		ED759C692BAA938300A61C46 /* HomeView.swift in Sources */ = {isa = PBXBuildFile; fileRef = ED759C682BAA938300A61C46 /* HomeView.swift */; };
		ED759C6D2BAAA07D00A61C46 /* LoginInfo.swift in Sources */ = {isa = PBXBuildFile; fileRef = ED759C6C2BAAA07D00A61C46 /* LoginInfo.swift */; };
		ED759C712BAAA3BC00A61C46 /* AuthApi.swift in Sources */ = {isa = PBXBuildFile; fileRef = ED759C702BAAA3BC00A61C46 /* AuthApi.swift */; };
		ED759C732BAAA55E00A61C46 /* ViewModel.swift in Sources */ = {isa = PBXBuildFile; fileRef = ED759C722BAAA55E00A61C46 /* ViewModel.swift */; };
		ED759C752BAABC0700A61C46 /* UserViewModel.swift in Sources */ = {isa = PBXBuildFile; fileRef = ED759C742BAABC0700A61C46 /* UserViewModel.swift */; };
		ED759C772BAAC01400A61C46 /* SignUpInfo.swift in Sources */ = {isa = PBXBuildFile; fileRef = ED759C762BAAC01400A61C46 /* SignUpInfo.swift */; };
		ED759C7B2BAAC3A400A61C46 /* SetupView.swift in Sources */ = {isa = PBXBuildFile; fileRef = ED759C7A2BAAC3A400A61C46 /* SetupView.swift */; };
		EDA039A02BACDB89001928DF /* Model.swift in Sources */ = {isa = PBXBuildFile; fileRef = EDA0399F2BACDB89001928DF /* Model.swift */; };
		EDC355CA2BABA8850016154F /* ResearchPostApi.swift in Sources */ = {isa = PBXBuildFile; fileRef = EDC355C92BABA8850016154F /* ResearchPostApi.swift */; };
		EDC355CC2BABAACC0016154F /* ResearchPostModel.swift in Sources */ = {isa = PBXBuildFile; fileRef = EDC355CB2BABAACC0016154F /* ResearchPostModel.swift */; };
		EDC355CE2BABAFAE0016154F /* ApplicationApi.swift in Sources */ = {isa = PBXBuildFile; fileRef = EDC355CD2BABAFAE0016154F /* ApplicationApi.swift */; };
		EDC355D02BABB0E20016154F /* ApplicationModel.swift in Sources */ = {isa = PBXBuildFile; fileRef = EDC355CF2BABB0E20016154F /* ApplicationModel.swift */; };
/* End PBXBuildFile section */

/* Begin PBXFileReference section */
		0405BCCE2BAA107600BCEEEA /* ResearchRoute.app */ = {isa = PBXFileReference; explicitFileType = wrapper.application; includeInIndex = 0; path = ResearchRoute.app; sourceTree = BUILT_PRODUCTS_DIR; };
		0405BCD12BAA107600BCEEEA /* ResearchRouteApp.swift */ = {isa = PBXFileReference; lastKnownFileType = sourcecode.swift; path = ResearchRouteApp.swift; sourceTree = "<group>"; };
		0405BCD52BAA107A00BCEEEA /* Assets.xcassets */ = {isa = PBXFileReference; lastKnownFileType = folder.assetcatalog; path = Assets.xcassets; sourceTree = "<group>"; };
		0405BCD82BAA107A00BCEEEA /* Preview Assets.xcassets */ = {isa = PBXFileReference; lastKnownFileType = folder.assetcatalog; path = "Preview Assets.xcassets"; sourceTree = "<group>"; };
		181E0CC02BADE8B000EAFA7F /* Info.plist */ = {isa = PBXFileReference; lastKnownFileType = text.plist; path = Info.plist; sourceTree = "<group>"; };
		181E0CC22BADE99C00EAFA7F /* Poppins-LightItalic.ttf */ = {isa = PBXFileReference; lastKnownFileType = file; path = "Poppins-LightItalic.ttf"; sourceTree = "<group>"; };
		181E0CC32BADE99C00EAFA7F /* Poppins-ExtraBoldItalic.ttf */ = {isa = PBXFileReference; lastKnownFileType = file; path = "Poppins-ExtraBoldItalic.ttf"; sourceTree = "<group>"; };
		181E0CC42BADE99C00EAFA7F /* Poppins-Light.ttf */ = {isa = PBXFileReference; lastKnownFileType = file; path = "Poppins-Light.ttf"; sourceTree = "<group>"; };
		181E0CC52BADE99C00EAFA7F /* Poppins-Italic.ttf */ = {isa = PBXFileReference; lastKnownFileType = file; path = "Poppins-Italic.ttf"; sourceTree = "<group>"; };
		181E0CC62BADE99C00EAFA7F /* Poppins-ExtraBold.ttf */ = {isa = PBXFileReference; lastKnownFileType = file; path = "Poppins-ExtraBold.ttf"; sourceTree = "<group>"; };
		181E0CC72BADE99C00EAFA7F /* Poppins-SemiBold.ttf */ = {isa = PBXFileReference; lastKnownFileType = file; path = "Poppins-SemiBold.ttf"; sourceTree = "<group>"; };
		181E0CC82BADE99C00EAFA7F /* Poppins-Thin.ttf */ = {isa = PBXFileReference; lastKnownFileType = file; path = "Poppins-Thin.ttf"; sourceTree = "<group>"; };
		181E0CC92BADE99C00EAFA7F /* Poppins-Regular.ttf */ = {isa = PBXFileReference; lastKnownFileType = file; path = "Poppins-Regular.ttf"; sourceTree = "<group>"; };
		181E0CCA2BADE99C00EAFA7F /* Poppins-BlackItalic.ttf */ = {isa = PBXFileReference; lastKnownFileType = file; path = "Poppins-BlackItalic.ttf"; sourceTree = "<group>"; };
		181E0CCB2BADE99C00EAFA7F /* Poppins-Black.ttf */ = {isa = PBXFileReference; lastKnownFileType = file; path = "Poppins-Black.ttf"; sourceTree = "<group>"; };
		181E0CCC2BADE99C00EAFA7F /* Poppins-MediumItalic.ttf */ = {isa = PBXFileReference; lastKnownFileType = file; path = "Poppins-MediumItalic.ttf"; sourceTree = "<group>"; };
		181E0CCD2BADE99C00EAFA7F /* Poppins-BoldItalic.ttf */ = {isa = PBXFileReference; lastKnownFileType = file; path = "Poppins-BoldItalic.ttf"; sourceTree = "<group>"; };
		181E0CCE2BADE99D00EAFA7F /* Poppins-Medium.ttf */ = {isa = PBXFileReference; lastKnownFileType = file; path = "Poppins-Medium.ttf"; sourceTree = "<group>"; };
		181E0CCF2BADE99D00EAFA7F /* Poppins-SemiBoldItalic.ttf */ = {isa = PBXFileReference; lastKnownFileType = file; path = "Poppins-SemiBoldItalic.ttf"; sourceTree = "<group>"; };
		181E0CD02BADE99D00EAFA7F /* Poppins-ExtraLightItalic.ttf */ = {isa = PBXFileReference; lastKnownFileType = file; path = "Poppins-ExtraLightItalic.ttf"; sourceTree = "<group>"; };
		181E0CD12BADE99D00EAFA7F /* Poppins-ThinItalic.ttf */ = {isa = PBXFileReference; lastKnownFileType = file; path = "Poppins-ThinItalic.ttf"; sourceTree = "<group>"; };
		181E0CD22BADE99D00EAFA7F /* Poppins-Bold.ttf */ = {isa = PBXFileReference; lastKnownFileType = file; path = "Poppins-Bold.ttf"; sourceTree = "<group>"; };
		181E0CD32BADE99D00EAFA7F /* Poppins-ExtraLight.ttf */ = {isa = PBXFileReference; lastKnownFileType = file; path = "Poppins-ExtraLight.ttf"; sourceTree = "<group>"; };
		18C3B0822BACAEB200DDF5A9 /* EditAboutMeView.swift */ = {isa = PBXFileReference; lastKnownFileType = sourcecode.swift; path = EditAboutMeView.swift; sourceTree = "<group>"; };
		18C3B0842BACAECF00DDF5A9 /* EditCourseworkView.swift */ = {isa = PBXFileReference; lastKnownFileType = sourcecode.swift; path = EditCourseworkView.swift; sourceTree = "<group>"; };
		18C3B0862BACAEEF00DDF5A9 /* EditEducationItemView.swift */ = {isa = PBXFileReference; lastKnownFileType = sourcecode.swift; path = EditEducationItemView.swift; sourceTree = "<group>"; };
		18C3B0882BACAF0700DDF5A9 /* EditExperienceItemView.swift */ = {isa = PBXFileReference; lastKnownFileType = sourcecode.swift; path = EditExperienceItemView.swift; sourceTree = "<group>"; };
		18C3B08A2BACAF1B00DDF5A9 /* EditNameView.swift */ = {isa = PBXFileReference; lastKnownFileType = sourcecode.swift; path = EditNameView.swift; sourceTree = "<group>"; };
		18C3B08C2BACAF2D00DDF5A9 /* EditSkillsView.swift */ = {isa = PBXFileReference; lastKnownFileType = sourcecode.swift; path = EditSkillsView.swift; sourceTree = "<group>"; };
		18C3B08E2BACAF7800DDF5A9 /* ProfileView.swift */ = {isa = PBXFileReference; lastKnownFileType = sourcecode.swift; path = ProfileView.swift; sourceTree = "<group>"; };
		18C3B0902BACAF8B00DDF5A9 /* ResumeParserView.swift */ = {isa = PBXFileReference; lastKnownFileType = sourcecode.swift; path = ResumeParserView.swift; sourceTree = "<group>"; };
		18C3B0922BACAFEE00DDF5A9 /* CoverLetterGeneratorView.swift */ = {isa = PBXFileReference; lastKnownFileType = sourcecode.swift; path = CoverLetterGeneratorView.swift; sourceTree = "<group>"; };
		18C3B09C2BACC0F700DDF5A9 /* GoogleService-Info.plist */ = {isa = PBXFileReference; fileEncoding = 4; lastKnownFileType = text.plist.xml; path = "GoogleService-Info.plist"; sourceTree = "<group>"; };
		18C3B09E2BACD93800DDF5A9 /* NavigationMenuView.swift */ = {isa = PBXFileReference; lastKnownFileType = sourcecode.swift; path = NavigationMenuView.swift; sourceTree = "<group>"; };
		18C3B0A02BACDE8D00DDF5A9 /* OcrView.swift */ = {isa = PBXFileReference; lastKnownFileType = sourcecode.swift; path = OcrView.swift; sourceTree = "<group>"; };
		18C3B0A32BACDEBC00DDF5A9 /* ocr_wrapper.swift */ = {isa = PBXFileReference; lastKnownFileType = sourcecode.swift; path = ocr_wrapper.swift; sourceTree = "<group>"; };
		18C3B0A52BAD387900DDF5A9 /* ApplicationView.swift */ = {isa = PBXFileReference; lastKnownFileType = sourcecode.swift; path = ApplicationView.swift; sourceTree = "<group>"; };
		18C3B0A72BAD443600DDF5A9 /* JobApplicationSuccessView.swift */ = {isa = PBXFileReference; lastKnownFileType = sourcecode.swift; path = JobApplicationSuccessView.swift; sourceTree = "<group>"; };
		18C3B0AB2BAD493C00DDF5A9 /* AppliedJobsView.swift */ = {isa = PBXFileReference; lastKnownFileType = sourcecode.swift; path = AppliedJobsView.swift; sourceTree = "<group>"; };
		18C3B0AD2BAD498400DDF5A9 /* RecommendedProjectsView.swift */ = {isa = PBXFileReference; lastKnownFileType = sourcecode.swift; path = RecommendedProjectsView.swift; sourceTree = "<group>"; };
		ED759C412BAA435C00A61C46 /* DbApi.swift */ = {isa = PBXFileReference; lastKnownFileType = sourcecode.swift; path = DbApi.swift; sourceTree = "<group>"; };
		ED759C512BAA565C00A61C46 /* StudentModel.swift */ = {isa = PBXFileReference; lastKnownFileType = sourcecode.swift; path = StudentModel.swift; sourceTree = "<group>"; };
		ED759C552BAA5A9500A61C46 /* StudentApi.swift */ = {isa = PBXFileReference; lastKnownFileType = sourcecode.swift; path = StudentApi.swift; sourceTree = "<group>"; };
		ED759C5C2BAA7E7D00A61C46 /* RootView.swift */ = {isa = PBXFileReference; lastKnownFileType = sourcecode.swift; path = RootView.swift; sourceTree = "<group>"; };
		ED759C622BAA860600A61C46 /* LandingView.swift */ = {isa = PBXFileReference; lastKnownFileType = sourcecode.swift; path = LandingView.swift; sourceTree = "<group>"; };
		ED759C642BAA873000A61C46 /* LoginView.swift */ = {isa = PBXFileReference; lastKnownFileType = sourcecode.swift; path = LoginView.swift; sourceTree = "<group>"; };
		ED759C662BAA873A00A61C46 /* SignUpView.swift */ = {isa = PBXFileReference; lastKnownFileType = sourcecode.swift; path = SignUpView.swift; sourceTree = "<group>"; };
		ED759C682BAA938300A61C46 /* HomeView.swift */ = {isa = PBXFileReference; lastKnownFileType = sourcecode.swift; path = HomeView.swift; sourceTree = "<group>"; };
		ED759C6C2BAAA07D00A61C46 /* LoginInfo.swift */ = {isa = PBXFileReference; lastKnownFileType = sourcecode.swift; path = LoginInfo.swift; sourceTree = "<group>"; };
		ED759C702BAAA3BC00A61C46 /* AuthApi.swift */ = {isa = PBXFileReference; lastKnownFileType = sourcecode.swift; path = AuthApi.swift; sourceTree = "<group>"; };
		ED759C722BAAA55E00A61C46 /* ViewModel.swift */ = {isa = PBXFileReference; lastKnownFileType = sourcecode.swift; path = ViewModel.swift; sourceTree = "<group>"; };
		ED759C742BAABC0700A61C46 /* UserViewModel.swift */ = {isa = PBXFileReference; lastKnownFileType = sourcecode.swift; path = UserViewModel.swift; sourceTree = "<group>"; };
		ED759C762BAAC01400A61C46 /* SignUpInfo.swift */ = {isa = PBXFileReference; lastKnownFileType = sourcecode.swift; path = SignUpInfo.swift; sourceTree = "<group>"; };
		ED759C7A2BAAC3A400A61C46 /* SetupView.swift */ = {isa = PBXFileReference; lastKnownFileType = sourcecode.swift; path = SetupView.swift; sourceTree = "<group>"; };
		EDA0399F2BACDB89001928DF /* Model.swift */ = {isa = PBXFileReference; lastKnownFileType = sourcecode.swift; path = Model.swift; sourceTree = "<group>"; };
		EDC355C92BABA8850016154F /* ResearchPostApi.swift */ = {isa = PBXFileReference; lastKnownFileType = sourcecode.swift; path = ResearchPostApi.swift; sourceTree = "<group>"; };
		EDC355CB2BABAACC0016154F /* ResearchPostModel.swift */ = {isa = PBXFileReference; lastKnownFileType = sourcecode.swift; path = ResearchPostModel.swift; sourceTree = "<group>"; };
		EDC355CD2BABAFAE0016154F /* ApplicationApi.swift */ = {isa = PBXFileReference; lastKnownFileType = sourcecode.swift; path = ApplicationApi.swift; sourceTree = "<group>"; };
		EDC355CF2BABB0E20016154F /* ApplicationModel.swift */ = {isa = PBXFileReference; lastKnownFileType = sourcecode.swift; path = ApplicationModel.swift; sourceTree = "<group>"; };
/* End PBXFileReference section */

/* Begin PBXFrameworksBuildPhase section */
		0405BCCB2BAA107600BCEEEA /* Frameworks */ = {
			isa = PBXFrameworksBuildPhase;
			buildActionMask = 2147483647;
			files = (
				18C3B05D2BACADD800DDF5A9 /* FirebaseDatabase in Frameworks */,
				18C3B06B2BACADD800DDF5A9 /* FirebaseFunctionsCombine-Community in Frameworks */,
				18C3B0632BACADD800DDF5A9 /* FirebaseFirestore in Frameworks */,
				18C3B04F2BACADD800DDF5A9 /* FirebaseAnalyticsSwift in Frameworks */,
				18C3B04B2BACADD800DDF5A9 /* FirebaseAnalytics in Frameworks */,
				18C3B04D2BACADD800DDF5A9 /* FirebaseAnalyticsOnDeviceConversion in Frameworks */,
				18C3B0672BACADD800DDF5A9 /* FirebaseFirestoreSwift in Frameworks */,
				18C3B0752BACADD800DDF5A9 /* FirebaseMLModelDownloader in Frameworks */,
				18C3B0532BACADD800DDF5A9 /* FirebaseAppCheck in Frameworks */,
				18C3B0512BACADD800DDF5A9 /* FirebaseAnalyticsWithoutAdIdSupport in Frameworks */,
				18C3B0732BACADD800DDF5A9 /* FirebaseMessaging in Frameworks */,
				18C3B0572BACADD800DDF5A9 /* FirebaseAuth in Frameworks */,
				18C3B07B2BACADD800DDF5A9 /* FirebaseRemoteConfigSwift in Frameworks */,
				18C3B05B2BACADD800DDF5A9 /* FirebaseCrashlytics in Frameworks */,
				18C3B0812BACADD800DDF5A9 /* CodableFirebase in Frameworks */,
				18C3B0992BACB16300DDF5A9 /* GoogleGenerativeAI in Frameworks */,
				18C3B06D2BACADD800DDF5A9 /* FirebaseInAppMessaging-Beta in Frameworks */,
				18C3B05F2BACADD800DDF5A9 /* FirebaseDatabaseSwift in Frameworks */,
				18C3B07F2BACADD800DDF5A9 /* FirebaseStorageCombine-Community in Frameworks */,
				18C3B0792BACADD800DDF5A9 /* FirebaseRemoteConfig in Frameworks */,
				18C3B0692BACADD800DDF5A9 /* FirebaseFunctions in Frameworks */,
				18C3B0552BACADD800DDF5A9 /* FirebaseAppDistribution-Beta in Frameworks */,
				18C3B0772BACADD800DDF5A9 /* FirebasePerformance in Frameworks */,
				18C3B0592BACADD800DDF5A9 /* FirebaseAuthCombine-Community in Frameworks */,
				18C3B07D2BACADD800DDF5A9 /* FirebaseStorage in Frameworks */,
				18C3B06F2BACADD800DDF5A9 /* FirebaseInAppMessagingSwift-Beta in Frameworks */,
				18C3B0612BACADD800DDF5A9 /* FirebaseDynamicLinks in Frameworks */,
				18C3B0652BACADD800DDF5A9 /* FirebaseFirestoreCombine-Community in Frameworks */,
				18C3B0712BACADD800DDF5A9 /* FirebaseInstallations in Frameworks */,
				18C3B0962BACB14F00DDF5A9 /* WrappingStack in Frameworks */,
			);
			runOnlyForDeploymentPostprocessing = 0;
		};
/* End PBXFrameworksBuildPhase section */

/* Begin PBXGroup section */
		0405BCC52BAA107600BCEEEA = {
			isa = PBXGroup;
			children = (
				18C3B09C2BACC0F700DDF5A9 /* GoogleService-Info.plist */,
				0405BCD02BAA107600BCEEEA /* ResearchRoute */,
				0405BCCF2BAA107600BCEEEA /* Products */,
				ED759C472BAA486700A61C46 /* Frameworks */,
			);
			sourceTree = "<group>";
		};
		0405BCCF2BAA107600BCEEEA /* Products */ = {
			isa = PBXGroup;
			children = (
				0405BCCE2BAA107600BCEEEA /* ResearchRoute.app */,
			);
			name = Products;
			sourceTree = "<group>";
		};
		0405BCD02BAA107600BCEEEA /* ResearchRoute */ = {
			isa = PBXGroup;
			children = (
				181E0CC12BADE8F200EAFA7F /* Fonts */,
				181E0CC02BADE8B000EAFA7F /* Info.plist */,
				18C3B0A22BACDEA300DDF5A9 /* OCR */,
				ED759C5B2BAA7E6800A61C46 /* View */,
				ED759C5A2BAA7E1500A61C46 /* ViewModel */,
				ED759C4E2BAA4E3100A61C46 /* Model */,
				ED759C3D2BAA3F5900A61C46 /* Api */,
				0405BCD12BAA107600BCEEEA /* ResearchRouteApp.swift */,
				0405BCD52BAA107A00BCEEEA /* Assets.xcassets */,
				0405BCD72BAA107A00BCEEEA /* Preview Content */,
			);
			path = ResearchRoute;
			sourceTree = "<group>";
		};
		0405BCD72BAA107A00BCEEEA /* Preview Content */ = {
			isa = PBXGroup;
			children = (
				0405BCD82BAA107A00BCEEEA /* Preview Assets.xcassets */,
			);
			path = "Preview Content";
			sourceTree = "<group>";
		};
		181E0CC12BADE8F200EAFA7F /* Fonts */ = {
			isa = PBXGroup;
			children = (
				181E0CCB2BADE99C00EAFA7F /* Poppins-Black.ttf */,
				181E0CCA2BADE99C00EAFA7F /* Poppins-BlackItalic.ttf */,
				181E0CD22BADE99D00EAFA7F /* Poppins-Bold.ttf */,
				181E0CCD2BADE99C00EAFA7F /* Poppins-BoldItalic.ttf */,
				181E0CC62BADE99C00EAFA7F /* Poppins-ExtraBold.ttf */,
				181E0CC32BADE99C00EAFA7F /* Poppins-ExtraBoldItalic.ttf */,
				181E0CD32BADE99D00EAFA7F /* Poppins-ExtraLight.ttf */,
				181E0CD02BADE99D00EAFA7F /* Poppins-ExtraLightItalic.ttf */,
				181E0CC52BADE99C00EAFA7F /* Poppins-Italic.ttf */,
				181E0CC42BADE99C00EAFA7F /* Poppins-Light.ttf */,
				181E0CC22BADE99C00EAFA7F /* Poppins-LightItalic.ttf */,
				181E0CCE2BADE99D00EAFA7F /* Poppins-Medium.ttf */,
				181E0CCC2BADE99C00EAFA7F /* Poppins-MediumItalic.ttf */,
				181E0CC92BADE99C00EAFA7F /* Poppins-Regular.ttf */,
				181E0CC72BADE99C00EAFA7F /* Poppins-SemiBold.ttf */,
				181E0CCF2BADE99D00EAFA7F /* Poppins-SemiBoldItalic.ttf */,
				181E0CC82BADE99C00EAFA7F /* Poppins-Thin.ttf */,
				181E0CD12BADE99D00EAFA7F /* Poppins-ThinItalic.ttf */,
			);
			path = Fonts;
			sourceTree = "<group>";
		};
		18C3B0A22BACDEA300DDF5A9 /* OCR */ = {
			isa = PBXGroup;
			children = (
				18C3B0A02BACDE8D00DDF5A9 /* OcrView.swift */,
				18C3B0A32BACDEBC00DDF5A9 /* ocr_wrapper.swift */,
			);
			path = OCR;
			sourceTree = "<group>";
		};
		ED759C3D2BAA3F5900A61C46 /* Api */ = {
			isa = PBXGroup;
			children = (
				ED759C412BAA435C00A61C46 /* DbApi.swift */,
				ED759C552BAA5A9500A61C46 /* StudentApi.swift */,
				ED759C702BAAA3BC00A61C46 /* AuthApi.swift */,
				EDC355C92BABA8850016154F /* ResearchPostApi.swift */,
				EDC355CD2BABAFAE0016154F /* ApplicationApi.swift */,
			);
			path = Api;
			sourceTree = "<group>";
		};
		ED759C472BAA486700A61C46 /* Frameworks */ = {
			isa = PBXGroup;
			children = (
			);
			name = Frameworks;
			sourceTree = "<group>";
		};
		ED759C4E2BAA4E3100A61C46 /* Model */ = {
			isa = PBXGroup;
			children = (
				ED759C512BAA565C00A61C46 /* StudentModel.swift */,
				EDC355CB2BABAACC0016154F /* ResearchPostModel.swift */,
				EDC355CF2BABB0E20016154F /* ApplicationModel.swift */,
				EDA0399F2BACDB89001928DF /* Model.swift */,
			);
			path = Model;
			sourceTree = "<group>";
		};
		ED759C5A2BAA7E1500A61C46 /* ViewModel */ = {
			isa = PBXGroup;
			children = (
				ED759C722BAAA55E00A61C46 /* ViewModel.swift */,
				ED759C6C2BAAA07D00A61C46 /* LoginInfo.swift */,
				ED759C742BAABC0700A61C46 /* UserViewModel.swift */,
				ED759C762BAAC01400A61C46 /* SignUpInfo.swift */,
			);
			path = ViewModel;
			sourceTree = "<group>";
		};
		ED759C5B2BAA7E6800A61C46 /* View */ = {
			isa = PBXGroup;
			children = (
				ED759C5C2BAA7E7D00A61C46 /* RootView.swift */,
				18C3B0822BACAEB200DDF5A9 /* EditAboutMeView.swift */,
				18C3B0842BACAECF00DDF5A9 /* EditCourseworkView.swift */,
				18C3B0922BACAFEE00DDF5A9 /* CoverLetterGeneratorView.swift */,
				18C3B0862BACAEEF00DDF5A9 /* EditEducationItemView.swift */,
				18C3B0882BACAF0700DDF5A9 /* EditExperienceItemView.swift */,
				18C3B08A2BACAF1B00DDF5A9 /* EditNameView.swift */,
				18C3B08C2BACAF2D00DDF5A9 /* EditSkillsView.swift */,
				ED759C622BAA860600A61C46 /* LandingView.swift */,
				ED759C642BAA873000A61C46 /* LoginView.swift */,
				18C3B08E2BACAF7800DDF5A9 /* ProfileView.swift */,
				18C3B0902BACAF8B00DDF5A9 /* ResumeParserView.swift */,
				18C3B0A52BAD387900DDF5A9 /* ApplicationView.swift */,
				18C3B0A72BAD443600DDF5A9 /* JobApplicationSuccessView.swift */,
				18C3B0AB2BAD493C00DDF5A9 /* AppliedJobsView.swift */,
				18C3B0AD2BAD498400DDF5A9 /* RecommendedProjectsView.swift */,
				ED759C662BAA873A00A61C46 /* SignUpView.swift */,
				ED759C682BAA938300A61C46 /* HomeView.swift */,
				ED759C7A2BAAC3A400A61C46 /* SetupView.swift */,
				18C3B09E2BACD93800DDF5A9 /* NavigationMenuView.swift */,
			);
			path = View;
			sourceTree = "<group>";
		};
/* End PBXGroup section */

/* Begin PBXNativeTarget section */
		0405BCCD2BAA107600BCEEEA /* ResearchRoute */ = {
			isa = PBXNativeTarget;
			buildConfigurationList = 0405BCDC2BAA107A00BCEEEA /* Build configuration list for PBXNativeTarget "ResearchRoute" */;
			buildPhases = (
				0405BCCA2BAA107600BCEEEA /* Sources */,
				0405BCCB2BAA107600BCEEEA /* Frameworks */,
				0405BCCC2BAA107600BCEEEA /* Resources */,
			);
			buildRules = (
			);
			dependencies = (
			);
			name = ResearchRoute;
			packageProductDependencies = (
				18C3B04A2BACADD800DDF5A9 /* FirebaseAnalytics */,
				18C3B04C2BACADD800DDF5A9 /* FirebaseAnalyticsOnDeviceConversion */,
				18C3B04E2BACADD800DDF5A9 /* FirebaseAnalyticsSwift */,
				18C3B0502BACADD800DDF5A9 /* FirebaseAnalyticsWithoutAdIdSupport */,
				18C3B0522BACADD800DDF5A9 /* FirebaseAppCheck */,
				18C3B0542BACADD800DDF5A9 /* FirebaseAppDistribution-Beta */,
				18C3B0562BACADD800DDF5A9 /* FirebaseAuth */,
				18C3B0582BACADD800DDF5A9 /* FirebaseAuthCombine-Community */,
				18C3B05A2BACADD800DDF5A9 /* FirebaseCrashlytics */,
				18C3B05C2BACADD800DDF5A9 /* FirebaseDatabase */,
				18C3B05E2BACADD800DDF5A9 /* FirebaseDatabaseSwift */,
				18C3B0602BACADD800DDF5A9 /* FirebaseDynamicLinks */,
				18C3B0622BACADD800DDF5A9 /* FirebaseFirestore */,
				18C3B0642BACADD800DDF5A9 /* FirebaseFirestoreCombine-Community */,
				18C3B0662BACADD800DDF5A9 /* FirebaseFirestoreSwift */,
				18C3B0682BACADD800DDF5A9 /* FirebaseFunctions */,
				18C3B06A2BACADD800DDF5A9 /* FirebaseFunctionsCombine-Community */,
				18C3B06C2BACADD800DDF5A9 /* FirebaseInAppMessaging-Beta */,
				18C3B06E2BACADD800DDF5A9 /* FirebaseInAppMessagingSwift-Beta */,
				18C3B0702BACADD800DDF5A9 /* FirebaseInstallations */,
				18C3B0722BACADD800DDF5A9 /* FirebaseMessaging */,
				18C3B0742BACADD800DDF5A9 /* FirebaseMLModelDownloader */,
				18C3B0762BACADD800DDF5A9 /* FirebasePerformance */,
				18C3B0782BACADD800DDF5A9 /* FirebaseRemoteConfig */,
				18C3B07A2BACADD800DDF5A9 /* FirebaseRemoteConfigSwift */,
				18C3B07C2BACADD800DDF5A9 /* FirebaseStorage */,
				18C3B07E2BACADD800DDF5A9 /* FirebaseStorageCombine-Community */,
				18C3B0802BACADD800DDF5A9 /* CodableFirebase */,
				18C3B0952BACB14F00DDF5A9 /* WrappingStack */,
				18C3B0982BACB16300DDF5A9 /* GoogleGenerativeAI */,
			);
			productName = ResearchRoute;
			productReference = 0405BCCE2BAA107600BCEEEA /* ResearchRoute.app */;
			productType = "com.apple.product-type.application";
		};
/* End PBXNativeTarget section */

/* Begin PBXProject section */
		0405BCC62BAA107600BCEEEA /* Project object */ = {
			isa = PBXProject;
			attributes = {
				BuildIndependentTargetsInParallel = 1;
				LastSwiftUpdateCheck = 1530;
				LastUpgradeCheck = 1530;
				TargetAttributes = {
					0405BCCD2BAA107600BCEEEA = {
						CreatedOnToolsVersion = 15.3;
					};
				};
			};
			buildConfigurationList = 0405BCC92BAA107600BCEEEA /* Build configuration list for PBXProject "ResearchRoute" */;
			compatibilityVersion = "Xcode 14.0";
			developmentRegion = en;
			hasScannedForEncodings = 0;
			knownRegions = (
				en,
				Base,
			);
			mainGroup = 0405BCC52BAA107600BCEEEA;
			packageReferences = (
				ED759C432BAA44DA00A61C46 /* XCRemoteSwiftPackageReference "firebase-ios-sdk" */,
				ED759C442BAA44FB00A61C46 /* XCRemoteSwiftPackageReference "CodableFirebase" */,
				18C3B0942BACB14F00DDF5A9 /* XCRemoteSwiftPackageReference "swiftui-wrapping-stack" */,
				18C3B0972BACB16300DDF5A9 /* XCRemoteSwiftPackageReference "generative-ai-swift" */,
			);
			productRefGroup = 0405BCCF2BAA107600BCEEEA /* Products */;
			projectDirPath = "";
			projectRoot = "";
			targets = (
				0405BCCD2BAA107600BCEEEA /* ResearchRoute */,
			);
		};
/* End PBXProject section */

/* Begin PBXResourcesBuildPhase section */
		0405BCCC2BAA107600BCEEEA /* Resources */ = {
			isa = PBXResourcesBuildPhase;
			buildActionMask = 2147483647;
			files = (
				0405BCD92BAA107A00BCEEEA /* Preview Assets.xcassets in Resources */,
				181E0CD62BADE99D00EAFA7F /* Poppins-Light.ttf in Resources */,
				181E0CD72BADE99D00EAFA7F /* Poppins-Italic.ttf in Resources */,
				181E0CDD2BADE99D00EAFA7F /* Poppins-Black.ttf in Resources */,
				181E0CE12BADE99D00EAFA7F /* Poppins-SemiBoldItalic.ttf in Resources */,
				0405BCD62BAA107A00BCEEEA /* Assets.xcassets in Resources */,
				181E0CE52BADE99D00EAFA7F /* Poppins-ExtraLight.ttf in Resources */,
				181E0CE02BADE99D00EAFA7F /* Poppins-Medium.ttf in Resources */,
				181E0CE42BADE99D00EAFA7F /* Poppins-Bold.ttf in Resources */,
				181E0CDE2BADE99D00EAFA7F /* Poppins-MediumItalic.ttf in Resources */,
				181E0CDC2BADE99D00EAFA7F /* Poppins-BlackItalic.ttf in Resources */,
				181E0CD82BADE99D00EAFA7F /* Poppins-ExtraBold.ttf in Resources */,
				18C3B09D2BACC0F800DDF5A9 /* GoogleService-Info.plist in Resources */,
				181E0CDF2BADE99D00EAFA7F /* Poppins-BoldItalic.ttf in Resources */,
				181E0CE22BADE99D00EAFA7F /* Poppins-ExtraLightItalic.ttf in Resources */,
				181E0CD92BADE99D00EAFA7F /* Poppins-SemiBold.ttf in Resources */,
				181E0CD42BADE99D00EAFA7F /* Poppins-LightItalic.ttf in Resources */,
				181E0CDB2BADE99D00EAFA7F /* Poppins-Regular.ttf in Resources */,
				181E0CD52BADE99D00EAFA7F /* Poppins-ExtraBoldItalic.ttf in Resources */,
				181E0CE32BADE99D00EAFA7F /* Poppins-ThinItalic.ttf in Resources */,
				181E0CDA2BADE99D00EAFA7F /* Poppins-Thin.ttf in Resources */,
			);
			runOnlyForDeploymentPostprocessing = 0;
		};
/* End PBXResourcesBuildPhase section */

/* Begin PBXSourcesBuildPhase section */
		0405BCCA2BAA107600BCEEEA /* Sources */ = {
			isa = PBXSourcesBuildPhase;
			buildActionMask = 2147483647;
			files = (
				18C3B0852BACAECF00DDF5A9 /* EditCourseworkView.swift in Sources */,
				ED759C522BAA565C00A61C46 /* StudentModel.swift in Sources */,
				18C3B0932BACAFEE00DDF5A9 /* CoverLetterGeneratorView.swift in Sources */,
				ED759C712BAAA3BC00A61C46 /* AuthApi.swift in Sources */,
				EDC355CC2BABAACC0016154F /* ResearchPostModel.swift in Sources */,
				18C3B0872BACAEEF00DDF5A9 /* EditEducationItemView.swift in Sources */,
				ED759C632BAA860600A61C46 /* LandingView.swift in Sources */,
				ED759C5D2BAA7E7D00A61C46 /* RootView.swift in Sources */,
				ED759C692BAA938300A61C46 /* HomeView.swift in Sources */,
				18C3B0A12BACDE8D00DDF5A9 /* OcrView.swift in Sources */,
				18C3B0832BACAEB200DDF5A9 /* EditAboutMeView.swift in Sources */,
				18C3B0AC2BAD493C00DDF5A9 /* AppliedJobsView.swift in Sources */,
				18C3B0892BACAF0700DDF5A9 /* EditExperienceItemView.swift in Sources */,
				18C3B09F2BACD93800DDF5A9 /* NavigationMenuView.swift in Sources */,
				18C3B0A42BACDEBC00DDF5A9 /* ocr_wrapper.swift in Sources */,
				0405BCD22BAA107600BCEEEA /* ResearchRouteApp.swift in Sources */,
				18C3B0A62BAD387900DDF5A9 /* ApplicationView.swift in Sources */,
				ED759C772BAAC01400A61C46 /* SignUpInfo.swift in Sources */,
				ED759C732BAAA55E00A61C46 /* ViewModel.swift in Sources */,
				EDC355CE2BABAFAE0016154F /* ApplicationApi.swift in Sources */,
				18C3B08F2BACAF7800DDF5A9 /* ProfileView.swift in Sources */,
				ED759C562BAA5A9500A61C46 /* StudentApi.swift in Sources */,
				EDC355D02BABB0E20016154F /* ApplicationModel.swift in Sources */,
				18C3B08B2BACAF1B00DDF5A9 /* EditNameView.swift in Sources */,
				ED759C6D2BAAA07D00A61C46 /* LoginInfo.swift in Sources */,
				ED759C752BAABC0700A61C46 /* UserViewModel.swift in Sources */,
				ED759C652BAA873000A61C46 /* LoginView.swift in Sources */,
				ED759C672BAA873A00A61C46 /* SignUpView.swift in Sources */,
				18C3B0A82BAD443600DDF5A9 /* JobApplicationSuccessView.swift in Sources */,
				EDC355CA2BABA8850016154F /* ResearchPostApi.swift in Sources */,
				18C3B0912BACAF8B00DDF5A9 /* ResumeParserView.swift in Sources */,
				EDA039A02BACDB89001928DF /* Model.swift in Sources */,
				18C3B0AE2BAD498400DDF5A9 /* RecommendedProjectsView.swift in Sources */,
				ED759C7B2BAAC3A400A61C46 /* SetupView.swift in Sources */,
				ED759C422BAA435C00A61C46 /* DbApi.swift in Sources */,
				18C3B08D2BACAF2D00DDF5A9 /* EditSkillsView.swift in Sources */,
			);
			runOnlyForDeploymentPostprocessing = 0;
		};
/* End PBXSourcesBuildPhase section */

/* Begin XCBuildConfiguration section */
		0405BCDA2BAA107A00BCEEEA /* Debug */ = {
			isa = XCBuildConfiguration;
			buildSettings = {
				ALWAYS_SEARCH_USER_PATHS = NO;
				ASSETCATALOG_COMPILER_GENERATE_SWIFT_ASSET_SYMBOL_EXTENSIONS = YES;
				CLANG_ANALYZER_NONNULL = YES;
				CLANG_ANALYZER_NUMBER_OBJECT_CONVERSION = YES_AGGRESSIVE;
				CLANG_CXX_LANGUAGE_STANDARD = "gnu++20";
				CLANG_ENABLE_MODULES = YES;
				CLANG_ENABLE_OBJC_ARC = YES;
				CLANG_ENABLE_OBJC_WEAK = YES;
				CLANG_WARN_BLOCK_CAPTURE_AUTORELEASING = YES;
				CLANG_WARN_BOOL_CONVERSION = YES;
				CLANG_WARN_COMMA = YES;
				CLANG_WARN_CONSTANT_CONVERSION = YES;
				CLANG_WARN_DEPRECATED_OBJC_IMPLEMENTATIONS = YES;
				CLANG_WARN_DIRECT_OBJC_ISA_USAGE = YES_ERROR;
				CLANG_WARN_DOCUMENTATION_COMMENTS = YES;
				CLANG_WARN_EMPTY_BODY = YES;
				CLANG_WARN_ENUM_CONVERSION = YES;
				CLANG_WARN_INFINITE_RECURSION = YES;
				CLANG_WARN_INT_CONVERSION = YES;
				CLANG_WARN_NON_LITERAL_NULL_CONVERSION = YES;
				CLANG_WARN_OBJC_IMPLICIT_RETAIN_SELF = YES;
				CLANG_WARN_OBJC_LITERAL_CONVERSION = YES;
				CLANG_WARN_OBJC_ROOT_CLASS = YES_ERROR;
				CLANG_WARN_QUOTED_INCLUDE_IN_FRAMEWORK_HEADER = YES;
				CLANG_WARN_RANGE_LOOP_ANALYSIS = YES;
				CLANG_WARN_STRICT_PROTOTYPES = YES;
				CLANG_WARN_SUSPICIOUS_MOVE = YES;
				CLANG_WARN_UNGUARDED_AVAILABILITY = YES_AGGRESSIVE;
				CLANG_WARN_UNREACHABLE_CODE = YES;
				CLANG_WARN__DUPLICATE_METHOD_MATCH = YES;
				COPY_PHASE_STRIP = NO;
				DEBUG_INFORMATION_FORMAT = dwarf;
				ENABLE_STRICT_OBJC_MSGSEND = YES;
				ENABLE_TESTABILITY = YES;
				ENABLE_USER_SCRIPT_SANDBOXING = YES;
				GCC_C_LANGUAGE_STANDARD = gnu17;
				GCC_DYNAMIC_NO_PIC = NO;
				GCC_NO_COMMON_BLOCKS = YES;
				GCC_OPTIMIZATION_LEVEL = 0;
				GCC_PREPROCESSOR_DEFINITIONS = (
					"DEBUG=1",
					"$(inherited)",
				);
				GCC_WARN_64_TO_32_BIT_CONVERSION = YES;
				GCC_WARN_ABOUT_RETURN_TYPE = YES_ERROR;
				GCC_WARN_UNDECLARED_SELECTOR = YES;
				GCC_WARN_UNINITIALIZED_AUTOS = YES_AGGRESSIVE;
				GCC_WARN_UNUSED_FUNCTION = YES;
				GCC_WARN_UNUSED_VARIABLE = YES;
				IPHONEOS_DEPLOYMENT_TARGET = 17.4;
				LOCALIZATION_PREFERS_STRING_CATALOGS = YES;
				MTL_ENABLE_DEBUG_INFO = INCLUDE_SOURCE;
				MTL_FAST_MATH = YES;
				ONLY_ACTIVE_ARCH = YES;
				SDKROOT = iphoneos;
				SWIFT_ACTIVE_COMPILATION_CONDITIONS = "DEBUG $(inherited)";
				SWIFT_OPTIMIZATION_LEVEL = "-Onone";
			};
			name = Debug;
		};
		0405BCDB2BAA107A00BCEEEA /* Release */ = {
			isa = XCBuildConfiguration;
			buildSettings = {
				ALWAYS_SEARCH_USER_PATHS = NO;
				ASSETCATALOG_COMPILER_GENERATE_SWIFT_ASSET_SYMBOL_EXTENSIONS = YES;
				CLANG_ANALYZER_NONNULL = YES;
				CLANG_ANALYZER_NUMBER_OBJECT_CONVERSION = YES_AGGRESSIVE;
				CLANG_CXX_LANGUAGE_STANDARD = "gnu++20";
				CLANG_ENABLE_MODULES = YES;
				CLANG_ENABLE_OBJC_ARC = YES;
				CLANG_ENABLE_OBJC_WEAK = YES;
				CLANG_WARN_BLOCK_CAPTURE_AUTORELEASING = YES;
				CLANG_WARN_BOOL_CONVERSION = YES;
				CLANG_WARN_COMMA = YES;
				CLANG_WARN_CONSTANT_CONVERSION = YES;
				CLANG_WARN_DEPRECATED_OBJC_IMPLEMENTATIONS = YES;
				CLANG_WARN_DIRECT_OBJC_ISA_USAGE = YES_ERROR;
				CLANG_WARN_DOCUMENTATION_COMMENTS = YES;
				CLANG_WARN_EMPTY_BODY = YES;
				CLANG_WARN_ENUM_CONVERSION = YES;
				CLANG_WARN_INFINITE_RECURSION = YES;
				CLANG_WARN_INT_CONVERSION = YES;
				CLANG_WARN_NON_LITERAL_NULL_CONVERSION = YES;
				CLANG_WARN_OBJC_IMPLICIT_RETAIN_SELF = YES;
				CLANG_WARN_OBJC_LITERAL_CONVERSION = YES;
				CLANG_WARN_OBJC_ROOT_CLASS = YES_ERROR;
				CLANG_WARN_QUOTED_INCLUDE_IN_FRAMEWORK_HEADER = YES;
				CLANG_WARN_RANGE_LOOP_ANALYSIS = YES;
				CLANG_WARN_STRICT_PROTOTYPES = YES;
				CLANG_WARN_SUSPICIOUS_MOVE = YES;
				CLANG_WARN_UNGUARDED_AVAILABILITY = YES_AGGRESSIVE;
				CLANG_WARN_UNREACHABLE_CODE = YES;
				CLANG_WARN__DUPLICATE_METHOD_MATCH = YES;
				COPY_PHASE_STRIP = NO;
				DEBUG_INFORMATION_FORMAT = "dwarf-with-dsym";
				ENABLE_NS_ASSERTIONS = NO;
				ENABLE_STRICT_OBJC_MSGSEND = YES;
				ENABLE_USER_SCRIPT_SANDBOXING = YES;
				GCC_C_LANGUAGE_STANDARD = gnu17;
				GCC_NO_COMMON_BLOCKS = YES;
				GCC_WARN_64_TO_32_BIT_CONVERSION = YES;
				GCC_WARN_ABOUT_RETURN_TYPE = YES_ERROR;
				GCC_WARN_UNDECLARED_SELECTOR = YES;
				GCC_WARN_UNINITIALIZED_AUTOS = YES_AGGRESSIVE;
				GCC_WARN_UNUSED_FUNCTION = YES;
				GCC_WARN_UNUSED_VARIABLE = YES;
				IPHONEOS_DEPLOYMENT_TARGET = 17.4;
				LOCALIZATION_PREFERS_STRING_CATALOGS = YES;
				MTL_ENABLE_DEBUG_INFO = NO;
				MTL_FAST_MATH = YES;
				SDKROOT = iphoneos;
				SWIFT_COMPILATION_MODE = wholemodule;
				VALIDATE_PRODUCT = YES;
			};
			name = Release;
		};
		0405BCDD2BAA107A00BCEEEA /* Debug */ = {
			isa = XCBuildConfiguration;
			buildSettings = {
				ASSETCATALOG_COMPILER_APPICON_NAME = AppIcon;
				ASSETCATALOG_COMPILER_GLOBAL_ACCENT_COLOR_NAME = AccentColor;
				CODE_SIGN_STYLE = Automatic;
				CURRENT_PROJECT_VERSION = 1;
				DEVELOPMENT_ASSET_PATHS = "\"ResearchRoute/Preview Content\"";
				DEVELOPMENT_TEAM = 8B962782PK;
				ENABLE_PREVIEWS = YES;
				GENERATE_INFOPLIST_FILE = YES;
				INFOPLIST_FILE = ResearchRoute/Info.plist;
				INFOPLIST_KEY_UIApplicationSceneManifest_Generation = YES;
				INFOPLIST_KEY_UIApplicationSupportsIndirectInputEvents = YES;
				INFOPLIST_KEY_UILaunchScreen_Generation = YES;
				INFOPLIST_KEY_UISupportedInterfaceOrientations_iPad = "UIInterfaceOrientationPortrait UIInterfaceOrientationPortraitUpsideDown UIInterfaceOrientationLandscapeLeft UIInterfaceOrientationLandscapeRight";
				INFOPLIST_KEY_UISupportedInterfaceOrientations_iPhone = "UIInterfaceOrientationPortrait UIInterfaceOrientationLandscapeLeft UIInterfaceOrientationLandscapeRight";
				IPHONEOS_DEPLOYMENT_TARGET = 17.0;
				LD_RUNPATH_SEARCH_PATHS = (
					"$(inherited)",
					"@executable_path/Frameworks",
				);
				MARKETING_VERSION = 1.0;
				PRODUCT_BUNDLE_IDENTIFIER = edu.ucdavis.cs.ecs189e.ResearchRoute.Andrew;
				PRODUCT_NAME = "$(TARGET_NAME)";
				SWIFT_EMIT_LOC_STRINGS = YES;
				SWIFT_VERSION = 5.0;
				TARGETED_DEVICE_FAMILY = "1,2";
			};
			name = Debug;
		};
		0405BCDE2BAA107A00BCEEEA /* Release */ = {
			isa = XCBuildConfiguration;
			buildSettings = {
				ASSETCATALOG_COMPILER_APPICON_NAME = AppIcon;
				ASSETCATALOG_COMPILER_GLOBAL_ACCENT_COLOR_NAME = AccentColor;
				CODE_SIGN_STYLE = Automatic;
				CURRENT_PROJECT_VERSION = 1;
				DEVELOPMENT_ASSET_PATHS = "\"ResearchRoute/Preview Content\"";
				DEVELOPMENT_TEAM = 8B962782PK;
				ENABLE_PREVIEWS = YES;
				GENERATE_INFOPLIST_FILE = YES;
				INFOPLIST_FILE = ResearchRoute/Info.plist;
				INFOPLIST_KEY_UIApplicationSceneManifest_Generation = YES;
				INFOPLIST_KEY_UIApplicationSupportsIndirectInputEvents = YES;
				INFOPLIST_KEY_UILaunchScreen_Generation = YES;
				INFOPLIST_KEY_UISupportedInterfaceOrientations_iPad = "UIInterfaceOrientationPortrait UIInterfaceOrientationPortraitUpsideDown UIInterfaceOrientationLandscapeLeft UIInterfaceOrientationLandscapeRight";
				INFOPLIST_KEY_UISupportedInterfaceOrientations_iPhone = "UIInterfaceOrientationPortrait UIInterfaceOrientationLandscapeLeft UIInterfaceOrientationLandscapeRight";
				IPHONEOS_DEPLOYMENT_TARGET = 17.0;
				LD_RUNPATH_SEARCH_PATHS = (
					"$(inherited)",
					"@executable_path/Frameworks",
				);
				MARKETING_VERSION = 1.0;
				PRODUCT_BUNDLE_IDENTIFIER = edu.ucdavis.cs.ecs189e.ResearchRoute.Andrew;
				PRODUCT_NAME = "$(TARGET_NAME)";
				SWIFT_EMIT_LOC_STRINGS = YES;
				SWIFT_VERSION = 5.0;
				TARGETED_DEVICE_FAMILY = "1,2";
			};
			name = Release;
		};
/* End XCBuildConfiguration section */

/* Begin XCConfigurationList section */
		0405BCC92BAA107600BCEEEA /* Build configuration list for PBXProject "ResearchRoute" */ = {
			isa = XCConfigurationList;
			buildConfigurations = (
				0405BCDA2BAA107A00BCEEEA /* Debug */,
				0405BCDB2BAA107A00BCEEEA /* Release */,
			);
			defaultConfigurationIsVisible = 0;
			defaultConfigurationName = Release;
		};
		0405BCDC2BAA107A00BCEEEA /* Build configuration list for PBXNativeTarget "ResearchRoute" */ = {
			isa = XCConfigurationList;
			buildConfigurations = (
				0405BCDD2BAA107A00BCEEEA /* Debug */,
				0405BCDE2BAA107A00BCEEEA /* Release */,
			);
			defaultConfigurationIsVisible = 0;
			defaultConfigurationName = Release;
		};
/* End XCConfigurationList section */

/* Begin XCRemoteSwiftPackageReference section */
		18C3B0942BACB14F00DDF5A9 /* XCRemoteSwiftPackageReference "swiftui-wrapping-stack" */ = {
			isa = XCRemoteSwiftPackageReference;
			repositoryURL = "https://github.com/diniska/swiftui-wrapping-stack";
			requirement = {
				kind = upToNextMajorVersion;
				minimumVersion = 1.1.0;
			};
		};
		18C3B0972BACB16300DDF5A9 /* XCRemoteSwiftPackageReference "generative-ai-swift" */ = {
			isa = XCRemoteSwiftPackageReference;
			repositoryURL = "https://github.com/google/generative-ai-swift";
			requirement = {
				kind = upToNextMajorVersion;
				minimumVersion = 0.4.8;
			};
		};
		ED759C432BAA44DA00A61C46 /* XCRemoteSwiftPackageReference "firebase-ios-sdk" */ = {
			isa = XCRemoteSwiftPackageReference;
			repositoryURL = "https://github.com/firebase/firebase-ios-sdk.git";
			requirement = {
				kind = upToNextMajorVersion;
				minimumVersion = 10.23.0;
			};
		};
		ED759C442BAA44FB00A61C46 /* XCRemoteSwiftPackageReference "CodableFirebase" */ = {
			isa = XCRemoteSwiftPackageReference;
			repositoryURL = "https://github.com/alickbass/CodableFirebase";
			requirement = {
				kind = upToNextMajorVersion;
				minimumVersion = 0.2.2;
			};
		};
/* End XCRemoteSwiftPackageReference section */

/* Begin XCSwiftPackageProductDependency section */
		18C3B04A2BACADD800DDF5A9 /* FirebaseAnalytics */ = {
			isa = XCSwiftPackageProductDependency;
			package = ED759C432BAA44DA00A61C46 /* XCRemoteSwiftPackageReference "firebase-ios-sdk" */;
			productName = FirebaseAnalytics;
		};
		18C3B04C2BACADD800DDF5A9 /* FirebaseAnalyticsOnDeviceConversion */ = {
			isa = XCSwiftPackageProductDependency;
			package = ED759C432BAA44DA00A61C46 /* XCRemoteSwiftPackageReference "firebase-ios-sdk" */;
			productName = FirebaseAnalyticsOnDeviceConversion;
		};
		18C3B04E2BACADD800DDF5A9 /* FirebaseAnalyticsSwift */ = {
			isa = XCSwiftPackageProductDependency;
			package = ED759C432BAA44DA00A61C46 /* XCRemoteSwiftPackageReference "firebase-ios-sdk" */;
			productName = FirebaseAnalyticsSwift;
		};
		18C3B0502BACADD800DDF5A9 /* FirebaseAnalyticsWithoutAdIdSupport */ = {
			isa = XCSwiftPackageProductDependency;
			package = ED759C432BAA44DA00A61C46 /* XCRemoteSwiftPackageReference "firebase-ios-sdk" */;
			productName = FirebaseAnalyticsWithoutAdIdSupport;
		};
		18C3B0522BACADD800DDF5A9 /* FirebaseAppCheck */ = {
			isa = XCSwiftPackageProductDependency;
			package = ED759C432BAA44DA00A61C46 /* XCRemoteSwiftPackageReference "firebase-ios-sdk" */;
			productName = FirebaseAppCheck;
		};
		18C3B0542BACADD800DDF5A9 /* FirebaseAppDistribution-Beta */ = {
			isa = XCSwiftPackageProductDependency;
			package = ED759C432BAA44DA00A61C46 /* XCRemoteSwiftPackageReference "firebase-ios-sdk" */;
			productName = "FirebaseAppDistribution-Beta";
		};
		18C3B0562BACADD800DDF5A9 /* FirebaseAuth */ = {
			isa = XCSwiftPackageProductDependency;
			package = ED759C432BAA44DA00A61C46 /* XCRemoteSwiftPackageReference "firebase-ios-sdk" */;
			productName = FirebaseAuth;
		};
		18C3B0582BACADD800DDF5A9 /* FirebaseAuthCombine-Community */ = {
			isa = XCSwiftPackageProductDependency;
			package = ED759C432BAA44DA00A61C46 /* XCRemoteSwiftPackageReference "firebase-ios-sdk" */;
			productName = "FirebaseAuthCombine-Community";
		};
		18C3B05A2BACADD800DDF5A9 /* FirebaseCrashlytics */ = {
			isa = XCSwiftPackageProductDependency;
			package = ED759C432BAA44DA00A61C46 /* XCRemoteSwiftPackageReference "firebase-ios-sdk" */;
			productName = FirebaseCrashlytics;
		};
		18C3B05C2BACADD800DDF5A9 /* FirebaseDatabase */ = {
			isa = XCSwiftPackageProductDependency;
			package = ED759C432BAA44DA00A61C46 /* XCRemoteSwiftPackageReference "firebase-ios-sdk" */;
			productName = FirebaseDatabase;
		};
		18C3B05E2BACADD800DDF5A9 /* FirebaseDatabaseSwift */ = {
			isa = XCSwiftPackageProductDependency;
			package = ED759C432BAA44DA00A61C46 /* XCRemoteSwiftPackageReference "firebase-ios-sdk" */;
			productName = FirebaseDatabaseSwift;
		};
		18C3B0602BACADD800DDF5A9 /* FirebaseDynamicLinks */ = {
			isa = XCSwiftPackageProductDependency;
			package = ED759C432BAA44DA00A61C46 /* XCRemoteSwiftPackageReference "firebase-ios-sdk" */;
			productName = FirebaseDynamicLinks;
		};
		18C3B0622BACADD800DDF5A9 /* FirebaseFirestore */ = {
			isa = XCSwiftPackageProductDependency;
			package = ED759C432BAA44DA00A61C46 /* XCRemoteSwiftPackageReference "firebase-ios-sdk" */;
			productName = FirebaseFirestore;
		};
		18C3B0642BACADD800DDF5A9 /* FirebaseFirestoreCombine-Community */ = {
			isa = XCSwiftPackageProductDependency;
			package = ED759C432BAA44DA00A61C46 /* XCRemoteSwiftPackageReference "firebase-ios-sdk" */;
			productName = "FirebaseFirestoreCombine-Community";
		};
		18C3B0662BACADD800DDF5A9 /* FirebaseFirestoreSwift */ = {
			isa = XCSwiftPackageProductDependency;
			package = ED759C432BAA44DA00A61C46 /* XCRemoteSwiftPackageReference "firebase-ios-sdk" */;
			productName = FirebaseFirestoreSwift;
		};
		18C3B0682BACADD800DDF5A9 /* FirebaseFunctions */ = {
			isa = XCSwiftPackageProductDependency;
			package = ED759C432BAA44DA00A61C46 /* XCRemoteSwiftPackageReference "firebase-ios-sdk" */;
			productName = FirebaseFunctions;
		};
		18C3B06A2BACADD800DDF5A9 /* FirebaseFunctionsCombine-Community */ = {
			isa = XCSwiftPackageProductDependency;
			package = ED759C432BAA44DA00A61C46 /* XCRemoteSwiftPackageReference "firebase-ios-sdk" */;
			productName = "FirebaseFunctionsCombine-Community";
		};
		18C3B06C2BACADD800DDF5A9 /* FirebaseInAppMessaging-Beta */ = {
			isa = XCSwiftPackageProductDependency;
			package = ED759C432BAA44DA00A61C46 /* XCRemoteSwiftPackageReference "firebase-ios-sdk" */;
			productName = "FirebaseInAppMessaging-Beta";
		};
		18C3B06E2BACADD800DDF5A9 /* FirebaseInAppMessagingSwift-Beta */ = {
			isa = XCSwiftPackageProductDependency;
			package = ED759C432BAA44DA00A61C46 /* XCRemoteSwiftPackageReference "firebase-ios-sdk" */;
			productName = "FirebaseInAppMessagingSwift-Beta";
		};
		18C3B0702BACADD800DDF5A9 /* FirebaseInstallations */ = {
			isa = XCSwiftPackageProductDependency;
			package = ED759C432BAA44DA00A61C46 /* XCRemoteSwiftPackageReference "firebase-ios-sdk" */;
			productName = FirebaseInstallations;
		};
		18C3B0722BACADD800DDF5A9 /* FirebaseMessaging */ = {
			isa = XCSwiftPackageProductDependency;
			package = ED759C432BAA44DA00A61C46 /* XCRemoteSwiftPackageReference "firebase-ios-sdk" */;
			productName = FirebaseMessaging;
		};
		18C3B0742BACADD800DDF5A9 /* FirebaseMLModelDownloader */ = {
			isa = XCSwiftPackageProductDependency;
			package = ED759C432BAA44DA00A61C46 /* XCRemoteSwiftPackageReference "firebase-ios-sdk" */;
			productName = FirebaseMLModelDownloader;
		};
		18C3B0762BACADD800DDF5A9 /* FirebasePerformance */ = {
			isa = XCSwiftPackageProductDependency;
			package = ED759C432BAA44DA00A61C46 /* XCRemoteSwiftPackageReference "firebase-ios-sdk" */;
			productName = FirebasePerformance;
		};
		18C3B0782BACADD800DDF5A9 /* FirebaseRemoteConfig */ = {
			isa = XCSwiftPackageProductDependency;
			package = ED759C432BAA44DA00A61C46 /* XCRemoteSwiftPackageReference "firebase-ios-sdk" */;
			productName = FirebaseRemoteConfig;
		};
		18C3B07A2BACADD800DDF5A9 /* FirebaseRemoteConfigSwift */ = {
			isa = XCSwiftPackageProductDependency;
			package = ED759C432BAA44DA00A61C46 /* XCRemoteSwiftPackageReference "firebase-ios-sdk" */;
			productName = FirebaseRemoteConfigSwift;
		};
		18C3B07C2BACADD800DDF5A9 /* FirebaseStorage */ = {
			isa = XCSwiftPackageProductDependency;
			package = ED759C432BAA44DA00A61C46 /* XCRemoteSwiftPackageReference "firebase-ios-sdk" */;
			productName = FirebaseStorage;
		};
		18C3B07E2BACADD800DDF5A9 /* FirebaseStorageCombine-Community */ = {
			isa = XCSwiftPackageProductDependency;
			package = ED759C432BAA44DA00A61C46 /* XCRemoteSwiftPackageReference "firebase-ios-sdk" */;
			productName = "FirebaseStorageCombine-Community";
		};
		18C3B0802BACADD800DDF5A9 /* CodableFirebase */ = {
			isa = XCSwiftPackageProductDependency;
			package = ED759C442BAA44FB00A61C46 /* XCRemoteSwiftPackageReference "CodableFirebase" */;
			productName = CodableFirebase;
		};
		18C3B0952BACB14F00DDF5A9 /* WrappingStack */ = {
			isa = XCSwiftPackageProductDependency;
			package = 18C3B0942BACB14F00DDF5A9 /* XCRemoteSwiftPackageReference "swiftui-wrapping-stack" */;
			productName = WrappingStack;
		};
		18C3B0982BACB16300DDF5A9 /* GoogleGenerativeAI */ = {
			isa = XCSwiftPackageProductDependency;
			package = 18C3B0972BACB16300DDF5A9 /* XCRemoteSwiftPackageReference "generative-ai-swift" */;
			productName = GoogleGenerativeAI;
		};
/* End XCSwiftPackageProductDependency section */
	};
	rootObject = 0405BCC62BAA107600BCEEEA /* Project object */;
}
